{
  "object": {
    "pins": [
      {
        "package": "SwiftFormat",
        "repositoryURL": "https://github.com/nicklockwood/SwiftFormat",
        "state": {
          "branch": null,
          "revision": "d35227722eb590b34a3ccaf8b40759e8910bc870",
          "version": "0.56.1"
        }
      }
    ]
  },
  "version": 1
}
