// !$*UTF8*$!
{
	archiveVersion = 1;
	classes = {
	};
	objectVersion = 70;
	objects = {

/* Begin PBXBuildFile section */
		320D030F724170A637F06D50 /* (null) in Sources */ = {isa = PBXBuildFile; };
		3811DE1025C9D37700A708ED /* Swinject in Frameworks */ = {isa = PBXBuildFile; productRef = 3811DE0F25C9D37700A708ED /* Swinject */; };
		3833B46D26012030003021B3 /* Algorithms in Frameworks */ = {isa = PBXBuildFile; productRef = 3833B46C26012030003021B3 /* Algorithms */; };
		38B17B6625DD90E0005CAE3D /* SwiftDate in Frameworks */ = {isa = PBXBuildFile; productRef = 38B17B6525DD90E0005CAE3D /* SwiftDate */; };
		38E87401274F77E400975559 /* CoreNFC.framework in Frameworks */ = {isa = PBXBuildFile; fileRef = 38E873FD274F761800975559 /* CoreNFC.framework */; settings = {ATTRIBUTES = (Weak, ); }; };
		38E87403274F78C000975559 /* libswiftCoreNFC.tbd in Frameworks */ = {isa = PBXBuildFile; fileRef = 38E87402274F78C000975559 /* libswiftCoreNFC.tbd */; settings = {ATTRIBUTES = (Weak, ); }; };
		3B47C6102DA0A28F00B0E5EF /* FirebaseCrashlytics in Frameworks */ = {isa = PBXBuildFile; productRef = 3B47C60F2DA0A28F00B0E5EF /* FirebaseCrashlytics */; };
		3B4BA76A2D8DBD690069D5B8 /* CGMBLEKit.framework in Frameworks */ = {isa = PBXBuildFile; fileRef = 3B4BA75B2D8DBD690069D5B8 /* CGMBLEKit.framework */; };
		3B4BA76B2D8DBD690069D5B8 /* CGMBLEKit.framework in Embed Frameworks */ = {isa = PBXBuildFile; fileRef = 3B4BA75B2D8DBD690069D5B8 /* CGMBLEKit.framework */; settings = {ATTRIBUTES = (CodeSignOnCopy, RemoveHeadersOnCopy, ); }; };
		3B4BA76C2D8DBD690069D5B8 /* CGMBLEKitUI.framework in Frameworks */ = {isa = PBXBuildFile; fileRef = 3B4BA75C2D8DBD690069D5B8 /* CGMBLEKitUI.framework */; };
		3B4BA76D2D8DBD690069D5B8 /* CGMBLEKitUI.framework in Embed Frameworks */ = {isa = PBXBuildFile; fileRef = 3B4BA75C2D8DBD690069D5B8 /* CGMBLEKitUI.framework */; settings = {ATTRIBUTES = (CodeSignOnCopy, RemoveHeadersOnCopy, ); }; };
		3B4BA76E2D8DBD690069D5B8 /* DanaKit.framework in Frameworks */ = {isa = PBXBuildFile; fileRef = 3B4BA75D2D8DBD690069D5B8 /* DanaKit.framework */; };
		3B4BA76F2D8DBD690069D5B8 /* DanaKit.framework in Embed Frameworks */ = {isa = PBXBuildFile; fileRef = 3B4BA75D2D8DBD690069D5B8 /* DanaKit.framework */; settings = {ATTRIBUTES = (CodeSignOnCopy, RemoveHeadersOnCopy, ); }; };
		3B4BA7702D8DBD690069D5B8 /* G7SensorKit.framework in Frameworks */ = {isa = PBXBuildFile; fileRef = 3B4BA75E2D8DBD690069D5B8 /* G7SensorKit.framework */; };
		3B4BA7712D8DBD690069D5B8 /* G7SensorKit.framework in Embed Frameworks */ = {isa = PBXBuildFile; fileRef = 3B4BA75E2D8DBD690069D5B8 /* G7SensorKit.framework */; settings = {ATTRIBUTES = (CodeSignOnCopy, RemoveHeadersOnCopy, ); }; };
		3B4BA7722D8DBD690069D5B8 /* G7SensorKitUI.framework in Frameworks */ = {isa = PBXBuildFile; fileRef = 3B4BA75F2D8DBD690069D5B8 /* G7SensorKitUI.framework */; };
		3B4BA7732D8DBD690069D5B8 /* G7SensorKitUI.framework in Embed Frameworks */ = {isa = PBXBuildFile; fileRef = 3B4BA75F2D8DBD690069D5B8 /* G7SensorKitUI.framework */; settings = {ATTRIBUTES = (CodeSignOnCopy, RemoveHeadersOnCopy, ); }; };
		3B4BA7742D8DBD690069D5B8 /* LibreTransmitter.framework in Frameworks */ = {isa = PBXBuildFile; fileRef = 3B4BA7602D8DBD690069D5B8 /* LibreTransmitter.framework */; };
		3B4BA7752D8DBD690069D5B8 /* LibreTransmitter.framework in Embed Frameworks */ = {isa = PBXBuildFile; fileRef = 3B4BA7602D8DBD690069D5B8 /* LibreTransmitter.framework */; settings = {ATTRIBUTES = (CodeSignOnCopy, RemoveHeadersOnCopy, ); }; };
		3B4BA7762D8DBD690069D5B8 /* LibreTransmitterUI.framework in Frameworks */ = {isa = PBXBuildFile; fileRef = 3B4BA7612D8DBD690069D5B8 /* LibreTransmitterUI.framework */; };
		3B4BA7772D8DBD690069D5B8 /* LibreTransmitterUI.framework in Embed Frameworks */ = {isa = PBXBuildFile; fileRef = 3B4BA7612D8DBD690069D5B8 /* LibreTransmitterUI.framework */; settings = {ATTRIBUTES = (CodeSignOnCopy, RemoveHeadersOnCopy, ); }; };
		3B4BA7782D8DBD690069D5B8 /* MinimedKit.framework in Frameworks */ = {isa = PBXBuildFile; fileRef = 3B4BA7622D8DBD690069D5B8 /* MinimedKit.framework */; };
		3B4BA7792D8DBD690069D5B8 /* MinimedKit.framework in Embed Frameworks */ = {isa = PBXBuildFile; fileRef = 3B4BA7622D8DBD690069D5B8 /* MinimedKit.framework */; settings = {ATTRIBUTES = (CodeSignOnCopy, RemoveHeadersOnCopy, ); }; };
		3B4BA77A2D8DBD690069D5B8 /* MinimedKitUI.framework in Frameworks */ = {isa = PBXBuildFile; fileRef = 3B4BA7632D8DBD690069D5B8 /* MinimedKitUI.framework */; };
		3B4BA77B2D8DBD690069D5B8 /* MinimedKitUI.framework in Embed Frameworks */ = {isa = PBXBuildFile; fileRef = 3B4BA7632D8DBD690069D5B8 /* MinimedKitUI.framework */; settings = {ATTRIBUTES = (CodeSignOnCopy, RemoveHeadersOnCopy, ); }; };
		3B4BA7822D8DBD690069D5B8 /* RileyLinkBLEKit.framework in Frameworks */ = {isa = PBXBuildFile; fileRef = 3B4BA7672D8DBD690069D5B8 /* RileyLinkBLEKit.framework */; };
		3B4BA7832D8DBD690069D5B8 /* RileyLinkBLEKit.framework in Embed Frameworks */ = {isa = PBXBuildFile; fileRef = 3B4BA7672D8DBD690069D5B8 /* RileyLinkBLEKit.framework */; settings = {ATTRIBUTES = (CodeSignOnCopy, RemoveHeadersOnCopy, ); }; };
		3B4BA7842D8DBD690069D5B8 /* RileyLinkKit.framework in Frameworks */ = {isa = PBXBuildFile; fileRef = 3B4BA7682D8DBD690069D5B8 /* RileyLinkKit.framework */; };
		3B4BA7852D8DBD690069D5B8 /* RileyLinkKit.framework in Embed Frameworks */ = {isa = PBXBuildFile; fileRef = 3B4BA7682D8DBD690069D5B8 /* RileyLinkKit.framework */; settings = {ATTRIBUTES = (CodeSignOnCopy, RemoveHeadersOnCopy, ); }; };
		3B4BA7862D8DBD690069D5B8 /* RileyLinkKitUI.framework in Frameworks */ = {isa = PBXBuildFile; fileRef = 3B4BA7692D8DBD690069D5B8 /* RileyLinkKitUI.framework */; };
		3B4BA7872D8DBD690069D5B8 /* RileyLinkKitUI.framework in Embed Frameworks */ = {isa = PBXBuildFile; fileRef = 3B4BA7692D8DBD690069D5B8 /* RileyLinkKitUI.framework */; settings = {ATTRIBUTES = (CodeSignOnCopy, RemoveHeadersOnCopy, ); }; };
		3B4BA78A2D8DC0EC0069D5B8 /* ShareClient.framework in Frameworks */ = {isa = PBXBuildFile; fileRef = CE398D1A297D69A900DF218F /* ShareClient.framework */; };
		3B4BA78B2D8DC0EC0069D5B8 /* ShareClient.framework in Embed Frameworks */ = {isa = PBXBuildFile; fileRef = CE398D1A297D69A900DF218F /* ShareClient.framework */; settings = {ATTRIBUTES = (CodeSignOnCopy, RemoveHeadersOnCopy, ); }; };
		3B4BA78C2D8DC0EC0069D5B8 /* ShareClientUI.framework in Frameworks */ = {isa = PBXBuildFile; fileRef = CE79502D29980E4D00FA576E /* ShareClientUI.framework */; };
		3B4BA78D2D8DC0EC0069D5B8 /* ShareClientUI.framework in Embed Frameworks */ = {isa = PBXBuildFile; fileRef = CE79502D29980E4D00FA576E /* ShareClientUI.framework */; settings = {ATTRIBUTES = (CodeSignOnCopy, RemoveHeadersOnCopy, ); }; };
		3B4BA78E2D8DC0EC0069D5B8 /* TidepoolServiceKit.framework in Frameworks */ = {isa = PBXBuildFile; fileRef = 3B4BA7882D8DC0EC0069D5B8 /* TidepoolServiceKit.framework */; };
		3B4BA78F2D8DC0EC0069D5B8 /* TidepoolServiceKit.framework in Embed Frameworks */ = {isa = PBXBuildFile; fileRef = 3B4BA7882D8DC0EC0069D5B8 /* TidepoolServiceKit.framework */; settings = {ATTRIBUTES = (CodeSignOnCopy, RemoveHeadersOnCopy, ); }; };
		3B4BA7902D8DC0EC0069D5B8 /* TidepoolServiceKitUI.framework in Frameworks */ = {isa = PBXBuildFile; fileRef = 3B4BA7892D8DC0EC0069D5B8 /* TidepoolServiceKitUI.framework */; };
		3B4BA7912D8DC0EC0069D5B8 /* TidepoolServiceKitUI.framework in Embed Frameworks */ = {isa = PBXBuildFile; fileRef = 3B4BA7892D8DC0EC0069D5B8 /* TidepoolServiceKitUI.framework */; settings = {ATTRIBUTES = (CodeSignOnCopy, RemoveHeadersOnCopy, ); }; };
		3BD9687C2D8DDD4600899469 /* SlideButton in Frameworks */ = {isa = PBXBuildFile; productRef = 3BD9687B2D8DDD4600899469 /* SlideButton */; };
		3BD9687F2D8DDD8800899469 /* CryptoSwift in Frameworks */ = {isa = PBXBuildFile; productRef = 3BD9687E2D8DDD8800899469 /* CryptoSwift */; };
		3E28F2AB2EB5337F00FB9EEB /* ConnectIQ in Frameworks */ = {isa = PBXBuildFile; productRef = 3E28F2AA2EB5337F00FB9EEB /* ConnectIQ */; };
		3E5308A53002BC970075629E /* AccuChekKit.framework in Frameworks */ = {isa = PBXBuildFile; fileRef = 3E5308A43002BC970075629E /* AccuChekKit.framework */; };
		3E5308A63002BC970075629E /* AccuChekKit.framework in Embed Frameworks */ = {isa = PBXBuildFile; fileRef = 3E5308A43002BC970075629E /* AccuChekKit.framework */; settings = {ATTRIBUTES = (CodeSignOnCopy, RemoveHeadersOnCopy, ); }; };
		3E54EF2C2E476DA40006F54D /* MedtrumKit.framework in Frameworks */ = {isa = PBXBuildFile; fileRef = 3E54EF2B2E476DA40006F54D /* MedtrumKit.framework */; };
		3E54EF2D2E476DA40006F54D /* MedtrumKit.framework in Embed Frameworks */ = {isa = PBXBuildFile; fileRef = 3E54EF2B2E476DA40006F54D /* MedtrumKit.framework */; settings = {ATTRIBUTES = (CodeSignOnCopy, RemoveHeadersOnCopy, ); }; };
		3E84DA402F48D96000033608 /* EversenseKit.framework in Frameworks */ = {isa = PBXBuildFile; fileRef = 3E84DA3F2F48D96000033608 /* EversenseKit.framework */; };
		3E84DA412F48D96000033608 /* EversenseKit.framework in Embed Frameworks */ = {isa = PBXBuildFile; fileRef = 3E84DA3F2F48D96000033608 /* EversenseKit.framework */; settings = {ATTRIBUTES = (CodeSignOnCopy, RemoveHeadersOnCopy, ); }; };
		5E12FE0E2EBC0000000000B1 /* LibreLoop.framework in Frameworks */ = {isa = PBXBuildFile; fileRef = 5E12FE0E2EBC0000000000A1 /* LibreLoop.framework */; };
		5E12FE0E2EBC0000000000B2 /* LibreLoopUI.framework in Frameworks */ = {isa = PBXBuildFile; fileRef = 5E12FE0E2EBC0000000000A2 /* LibreLoopUI.framework */; };
		5E12FE0E2EBC0000000000C1 /* LibreLoop.framework in Embed Frameworks */ = {isa = PBXBuildFile; fileRef = 5E12FE0E2EBC0000000000A1 /* LibreLoop.framework */; settings = {ATTRIBUTES = (CodeSignOnCopy, RemoveHeadersOnCopy, ); }; };
		5E12FE0E2EBC0000000000C2 /* LibreLoopUI.framework in Embed Frameworks */ = {isa = PBXBuildFile; fileRef = 5E12FE0E2EBC0000000000A2 /* LibreLoopUI.framework */; settings = {ATTRIBUTES = (CodeSignOnCopy, RemoveHeadersOnCopy, ); }; };
		5E12FE112EBC0000000000A2 /* LoopAlgorithm in Frameworks */ = {isa = PBXBuildFile; productRef = 5E12FE112EBC0000000000A1 /* LoopAlgorithm */; };
		5E12FE112EBC0000000000B2 /* LibreCRKit in Frameworks */ = {isa = PBXBuildFile; productRef = 5E12FE112EBC0000000000B1 /* LibreCRKit */; };
		6B1A8D192B14D91600E76752 /* WidgetKit.framework in Frameworks */ = {isa = PBXBuildFile; fileRef = 6B1A8D182B14D91600E76752 /* WidgetKit.framework */; };
		6B1A8D1B2B14D91600E76752 /* SwiftUI.framework in Frameworks */ = {isa = PBXBuildFile; fileRef = 6B1A8D1A2B14D91600E76752 /* SwiftUI.framework */; };
		6B1A8D282B14D91700E76752 /* LiveActivityExtension.appex in Embed Foundation Extensions */ = {isa = PBXBuildFile; fileRef = 6B1A8D172B14D91600E76752 /* LiveActivityExtension.appex */; settings = {ATTRIBUTES = (RemoveHeadersOnCopy, ); }; };
		6EADD581738D64431902AC0A /* (null) in Sources */ = {isa = PBXBuildFile; };
		B6E925132EB3932A0076D719 /* OmnipodKit.framework in Frameworks */ = {isa = PBXBuildFile; fileRef = B6E925122EB3932A0076D719 /* OmnipodKit.framework */; };
		B6E925142EB3932A0076D719 /* OmnipodKit.framework in Embed Frameworks */ = {isa = PBXBuildFile; fileRef = B6E925122EB3932A0076D719 /* OmnipodKit.framework */; settings = {ATTRIBUTES = (CodeSignOnCopy, RemoveHeadersOnCopy, ); }; };
		B7C465E9472624D8A2BE2A6A /* (null) in Sources */ = {isa = PBXBuildFile; };
		B958F1B72BA0711600484851 /* MKRingProgressView in Frameworks */ = {isa = PBXBuildFile; productRef = B958F1B62BA0711600484851 /* MKRingProgressView */; };
		BD8207C42D2B42E60023339D /* WidgetKit.framework in Frameworks */ = {isa = PBXBuildFile; fileRef = 6B1A8D182B14D91600E76752 /* WidgetKit.framework */; };
		BD8207C52D2B42E60023339D /* SwiftUI.framework in Frameworks */ = {isa = PBXBuildFile; fileRef = 6B1A8D1A2B14D91600E76752 /* SwiftUI.framework */; };
		BD8207CE2D2B42E70023339D /* Trio Watch Complication Extension.appex in Embed Foundation Extensions */ = {isa = PBXBuildFile; fileRef = BD8207C32D2B42E50023339D /* Trio Watch Complication Extension.appex */; settings = {ATTRIBUTES = (RemoveHeadersOnCopy, ); }; };
		BDFF799F2D25AA890016C40C /* Trio Watch App.app in Embed Watch Content */ = {isa = PBXBuildFile; fileRef = BDFF797C2D25AA870016C40C /* Trio Watch App.app */; settings = {ATTRIBUTES = (RemoveHeadersOnCopy, ); }; };
		CE1F6DE72BAF1A180064EB8D /* BuildDetails.plist in Resources */ = {isa = PBXBuildFile; fileRef = CE1F6DE62BAF1A180064EB8D /* BuildDetails.plist */; };
		CE95BF5B2BA770C300DC3DE3 /* LoopKit.framework in Frameworks */ = {isa = PBXBuildFile; fileRef = 3818AA4C274C26A300843DB3 /* LoopKit.framework */; };
		CE95BF5C2BA770C300DC3DE3 /* LoopKit.framework in Embed Frameworks */ = {isa = PBXBuildFile; fileRef = 3818AA4C274C26A300843DB3 /* LoopKit.framework */; settings = {ATTRIBUTES = (CodeSignOnCopy, RemoveHeadersOnCopy, ); }; };
		CE95BF5D2BA770C300DC3DE3 /* LoopKitUI.framework in Frameworks */ = {isa = PBXBuildFile; fileRef = 3818AA4D274C26A300843DB3 /* LoopKitUI.framework */; };
		CE95BF5E2BA770C300DC3DE3 /* LoopKitUI.framework in Embed Frameworks */ = {isa = PBXBuildFile; fileRef = 3818AA4D274C26A300843DB3 /* LoopKitUI.framework */; settings = {ATTRIBUTES = (CodeSignOnCopy, RemoveHeadersOnCopy, ); }; };
		CE95BF5F2BA7715800DC3DE3 /* MockKit.framework in Frameworks */ = {isa = PBXBuildFile; fileRef = 3818AA4E274C26A300843DB3 /* MockKit.framework */; };
		CE95BF602BA7715800DC3DE3 /* MockKit.framework in Embed Frameworks */ = {isa = PBXBuildFile; fileRef = 3818AA4E274C26A300843DB3 /* MockKit.framework */; settings = {ATTRIBUTES = (CodeSignOnCopy, RemoveHeadersOnCopy, ); }; };
		CE95BF612BA7715900DC3DE3 /* MockKitUI.framework in Frameworks */ = {isa = PBXBuildFile; fileRef = 3818AA4F274C26A300843DB3 /* MockKitUI.framework */; };
		CE95BF622BA7715900DC3DE3 /* MockKitUI.framework in Embed Frameworks */ = {isa = PBXBuildFile; fileRef = 3818AA4F274C26A300843DB3 /* MockKitUI.framework */; settings = {ATTRIBUTES = (CodeSignOnCopy, RemoveHeadersOnCopy, ); }; };
		CE95BF632BA771BE00DC3DE3 /* LoopTestingKit.framework in Frameworks */ = {isa = PBXBuildFile; fileRef = 3818AA70274C278200843DB3 /* LoopTestingKit.framework */; };
		CE95BF642BA771BE00DC3DE3 /* LoopTestingKit.framework in Embed Frameworks */ = {isa = PBXBuildFile; fileRef = 3818AA70274C278200843DB3 /* LoopTestingKit.framework */; settings = {ATTRIBUTES = (CodeSignOnCopy, RemoveHeadersOnCopy, ); }; };
		CEB434FD28B90B7C00B70274 /* SwiftCharts in Frameworks */ = {isa = PBXBuildFile; productRef = CEB434FC28B90B7C00B70274 /* SwiftCharts */; };
		CEB434FE28B90B8C00B70274 /* SwiftCharts in Embed Frameworks */ = {isa = PBXBuildFile; productRef = CEB434FC28B90B7C00B70274 /* SwiftCharts */; settings = {ATTRIBUTES = (CodeSignOnCopy, ); }; };
		DD17A0292E3FE0BD008E1BF0 /* SwiftJWT in Frameworks */ = {isa = PBXBuildFile; productRef = DD17A0282E3FE0BD008E1BF0 /* SwiftJWT */; };
		E0CC2C5C275B9F0F00A7BC71 /* HealthKit.framework in Frameworks */ = {isa = PBXBuildFile; fileRef = E0CC2C5B275B9DAE00A7BC71 /* HealthKit.framework */; };
/* End PBXBuildFile section */

/* Begin PBXContainerItemProxy section */
		38FCF3F225E9028E0078B0D1 /* PBXContainerItemProxy */ = {
			isa = PBXContainerItemProxy;
			containerPortal = 388E595025AD948C0019842D /* Project object */;
			proxyType = 1;
			remoteGlobalIDString = 388E595725AD948C0019842D;
			remoteInfo = Trio;
		};
		6B1A8D262B14D91700E76752 /* PBXContainerItemProxy */ = {
			isa = PBXContainerItemProxy;
			containerPortal = 388E595025AD948C0019842D /* Project object */;
			proxyType = 1;
			remoteGlobalIDString = 6B1A8D162B14D91500E76752;
			remoteInfo = LiveActivityExtension;
		};
		BD8207CC2D2B42E70023339D /* PBXContainerItemProxy */ = {
			isa = PBXContainerItemProxy;
			containerPortal = 388E595025AD948C0019842D /* Project object */;
			proxyType = 1;
			remoteGlobalIDString = BD8207C22D2B42E50023339D;
			remoteInfo = "Trio Watch WidgetExtension";
		};
		BDFF798C2D25AA890016C40C /* PBXContainerItemProxy */ = {
			isa = PBXContainerItemProxy;
			containerPortal = 388E595025AD948C0019842D /* Project object */;
			proxyType = 1;
			remoteGlobalIDString = BDFF797B2D25AA870016C40C;
			remoteInfo = "TrioWatch Watch App";
		};
		BDFF799D2D25AA890016C40C /* PBXContainerItemProxy */ = {
			isa = PBXContainerItemProxy;
			containerPortal = 388E595025AD948C0019842D /* Project object */;
			proxyType = 1;
			remoteGlobalIDString = BDFF797B2D25AA870016C40C;
			remoteInfo = "TrioWatch Watch App";
		};
/* End PBXContainerItemProxy section */

/* Begin PBXCopyFilesBuildPhase section */
		3821ECD025DC703C00BC42AD /* Embed Frameworks */ = {
			isa = PBXCopyFilesBuildPhase;
			buildActionMask = 2147483647;
			dstPath = "";
			dstSubfolderSpec = 10;
			files = (
				3B4BA78F2D8DC0EC0069D5B8 /* TidepoolServiceKit.framework in Embed Frameworks */,
				3B4BA7732D8DBD690069D5B8 /* G7SensorKitUI.framework in Embed Frameworks */,
				3B4BA76D2D8DBD690069D5B8 /* CGMBLEKitUI.framework in Embed Frameworks */,
				3B4BA76B2D8DBD690069D5B8 /* CGMBLEKit.framework in Embed Frameworks */,
				3B4BA7792D8DBD690069D5B8 /* MinimedKit.framework in Embed Frameworks */,
				CE95BF5C2BA770C300DC3DE3 /* LoopKit.framework in Embed Frameworks */,
				3B4BA7712D8DBD690069D5B8 /* G7SensorKit.framework in Embed Frameworks */,
				3E54EF2D2E476DA40006F54D /* MedtrumKit.framework in Embed Frameworks */,
				CEB434FE28B90B8C00B70274 /* SwiftCharts in Embed Frameworks */,
				3B4BA76F2D8DBD690069D5B8 /* DanaKit.framework in Embed Frameworks */,
				3B4BA7852D8DBD690069D5B8 /* RileyLinkKit.framework in Embed Frameworks */,
				3B4BA7752D8DBD690069D5B8 /* LibreTransmitter.framework in Embed Frameworks */,
				3B4BA7772D8DBD690069D5B8 /* LibreTransmitterUI.framework in Embed Frameworks */,
				5E12FE0E2EBC0000000000C1 /* LibreLoop.framework in Embed Frameworks */,
				5E12FE0E2EBC0000000000C2 /* LibreLoopUI.framework in Embed Frameworks */,
				3B4BA77B2D8DBD690069D5B8 /* MinimedKitUI.framework in Embed Frameworks */,
				3B4BA7832D8DBD690069D5B8 /* RileyLinkBLEKit.framework in Embed Frameworks */,
				CE95BF642BA771BE00DC3DE3 /* LoopTestingKit.framework in Embed Frameworks */,
				CE95BF622BA7715900DC3DE3 /* MockKitUI.framework in Embed Frameworks */,
				3B4BA78D2D8DC0EC0069D5B8 /* ShareClientUI.framework in Embed Frameworks */,
				3E84DA412F48D96000033608 /* EversenseKit.framework in Embed Frameworks */,
				3B4BA7872D8DBD690069D5B8 /* RileyLinkKitUI.framework in Embed Frameworks */,
				3B4BA78B2D8DC0EC0069D5B8 /* ShareClient.framework in Embed Frameworks */,
				3B4BA7912D8DC0EC0069D5B8 /* TidepoolServiceKitUI.framework in Embed Frameworks */,
				CE95BF602BA7715800DC3DE3 /* MockKit.framework in Embed Frameworks */,
				B6E925142EB3932A0076D719 /* OmnipodKit.framework in Embed Frameworks */,
				3E5308A63002BC970075629E /* AccuChekKit.framework in Embed Frameworks */,
				CE95BF5E2BA770C300DC3DE3 /* LoopKitUI.framework in Embed Frameworks */,
			);
			name = "Embed Frameworks";
			runOnlyForDeploymentPostprocessing = 0;
		};
		38E8753D27554D5900975559 /* Embed Watch Content */ = {
			isa = PBXCopyFilesBuildPhase;
			buildActionMask = 2147483647;
			dstPath = "$(CONTENTS_FOLDER_PATH)/Watch";
			dstSubfolderSpec = 16;
			files = (
				BDFF799F2D25AA890016C40C /* Trio Watch App.app in Embed Watch Content */,
			);
			name = "Embed Watch Content";
			runOnlyForDeploymentPostprocessing = 0;
		};
		6B1A8D122B14D88E00E76752 /* Embed Foundation Extensions */ = {
			isa = PBXCopyFilesBuildPhase;
			buildActionMask = 2147483647;
			dstPath = "";
			dstSubfolderSpec = 13;
			files = (
				6B1A8D282B14D91700E76752 /* LiveActivityExtension.appex in Embed Foundation Extensions */,
			);
			name = "Embed Foundation Extensions";
			runOnlyForDeploymentPostprocessing = 0;
		};
		BD8207CF2D2B42E80023339D /* Embed Foundation Extensions */ = {
			isa = PBXCopyFilesBuildPhase;
			buildActionMask = 2147483647;
			dstPath = "";
			dstSubfolderSpec = 13;
			files = (
				BD8207CE2D2B42E70023339D /* Trio Watch Complication Extension.appex in Embed Foundation Extensions */,
			);
			name = "Embed Foundation Extensions";
			runOnlyForDeploymentPostprocessing = 0;
		};
/* End PBXCopyFilesBuildPhase section */

/* Begin PBXFileReference section */
		3818AA49274C267000843DB3 /* CGMBLEKit.framework */ = {isa = PBXFileReference; explicitFileType = wrapper.framework; path = CGMBLEKit.framework; sourceTree = BUILT_PRODUCTS_DIR; };
		3818AA4C274C26A300843DB3 /* LoopKit.framework */ = {isa = PBXFileReference; explicitFileType = wrapper.framework; path = LoopKit.framework; sourceTree = BUILT_PRODUCTS_DIR; };
		3818AA4D274C26A300843DB3 /* LoopKitUI.framework */ = {isa = PBXFileReference; explicitFileType = wrapper.framework; path = LoopKitUI.framework; sourceTree = BUILT_PRODUCTS_DIR; };
		3818AA4E274C26A300843DB3 /* MockKit.framework */ = {isa = PBXFileReference; explicitFileType = wrapper.framework; path = MockKit.framework; sourceTree = BUILT_PRODUCTS_DIR; };
		3818AA4F274C26A300843DB3 /* MockKitUI.framework */ = {isa = PBXFileReference; explicitFileType = wrapper.framework; path = MockKitUI.framework; sourceTree = BUILT_PRODUCTS_DIR; };
		3818AA51274C26A300843DB3 /* MinimedKit.framework */ = {isa = PBXFileReference; explicitFileType = wrapper.framework; path = MinimedKit.framework; sourceTree = BUILT_PRODUCTS_DIR; };
		3818AA52274C26A300843DB3 /* MinimedKitUI.framework */ = {isa = PBXFileReference; explicitFileType = wrapper.framework; path = MinimedKitUI.framework; sourceTree = BUILT_PRODUCTS_DIR; };
		3818AA55274C26A300843DB3 /* RileyLinkBLEKit.framework */ = {isa = PBXFileReference; explicitFileType = wrapper.framework; path = RileyLinkBLEKit.framework; sourceTree = BUILT_PRODUCTS_DIR; };
		3818AA56274C26A300843DB3 /* RileyLinkKit.framework */ = {isa = PBXFileReference; explicitFileType = wrapper.framework; path = RileyLinkKit.framework; sourceTree = BUILT_PRODUCTS_DIR; };
		3818AA57274C26A300843DB3 /* RileyLinkKitUI.framework */ = {isa = PBXFileReference; explicitFileType = wrapper.framework; path = RileyLinkKitUI.framework; sourceTree = BUILT_PRODUCTS_DIR; };
		3818AA70274C278200843DB3 /* LoopTestingKit.framework */ = {isa = PBXFileReference; explicitFileType = wrapper.framework; path = LoopTestingKit.framework; sourceTree = BUILT_PRODUCTS_DIR; };
		388E595825AD948C0019842D /* Trio.app */ = {isa = PBXFileReference; explicitFileType = wrapper.application; includeInIndex = 0; path = Trio.app; sourceTree = BUILT_PRODUCTS_DIR; };
		38E873FD274F761800975559 /* CoreNFC.framework */ = {isa = PBXFileReference; lastKnownFileType = wrapper.framework; name = CoreNFC.framework; path = System/Library/Frameworks/CoreNFC.framework; sourceTree = SDKROOT; };
		38E87402274F78C000975559 /* libswiftCoreNFC.tbd */ = {isa = PBXFileReference; lastKnownFileType = "sourcecode.text-based-dylib-definition"; name = libswiftCoreNFC.tbd; path = usr/lib/swift/libswiftCoreNFC.tbd; sourceTree = SDKROOT; };
		38F3783A2613555C009DB701 /* Config.xcconfig */ = {isa = PBXFileReference; lastKnownFileType = text.xcconfig; path = Config.xcconfig; sourceTree = "<group>"; };
		38FCF3ED25E9028E0078B0D1 /* TrioTests.xctest */ = {isa = PBXFileReference; explicitFileType = wrapper.cfbundle; includeInIndex = 0; path = TrioTests.xctest; sourceTree = BUILT_PRODUCTS_DIR; };
		3B4BA75B2D8DBD690069D5B8 /* CGMBLEKit.framework */ = {isa = PBXFileReference; explicitFileType = wrapper.framework; path = CGMBLEKit.framework; sourceTree = BUILT_PRODUCTS_DIR; };
		3B4BA75C2D8DBD690069D5B8 /* CGMBLEKitUI.framework */ = {isa = PBXFileReference; explicitFileType = wrapper.framework; path = CGMBLEKitUI.framework; sourceTree = BUILT_PRODUCTS_DIR; };
		3B4BA75D2D8DBD690069D5B8 /* DanaKit.framework */ = {isa = PBXFileReference; explicitFileType = wrapper.framework; path = DanaKit.framework; sourceTree = BUILT_PRODUCTS_DIR; };
		3B4BA75E2D8DBD690069D5B8 /* G7SensorKit.framework */ = {isa = PBXFileReference; explicitFileType = wrapper.framework; path = G7SensorKit.framework; sourceTree = BUILT_PRODUCTS_DIR; };
		3B4BA75F2D8DBD690069D5B8 /* G7SensorKitUI.framework */ = {isa = PBXFileReference; explicitFileType = wrapper.framework; path = G7SensorKitUI.framework; sourceTree = BUILT_PRODUCTS_DIR; };
		3B4BA7602D8DBD690069D5B8 /* LibreTransmitter.framework */ = {isa = PBXFileReference; explicitFileType = wrapper.framework; path = LibreTransmitter.framework; sourceTree = BUILT_PRODUCTS_DIR; };
		3B4BA7612D8DBD690069D5B8 /* LibreTransmitterUI.framework */ = {isa = PBXFileReference; explicitFileType = wrapper.framework; path = LibreTransmitterUI.framework; sourceTree = BUILT_PRODUCTS_DIR; };
		3B4BA7622D8DBD690069D5B8 /* MinimedKit.framework */ = {isa = PBXFileReference; explicitFileType = wrapper.framework; path = MinimedKit.framework; sourceTree = BUILT_PRODUCTS_DIR; };
		3B4BA7632D8DBD690069D5B8 /* MinimedKitUI.framework */ = {isa = PBXFileReference; explicitFileType = wrapper.framework; path = MinimedKitUI.framework; sourceTree = BUILT_PRODUCTS_DIR; };
		3B4BA7672D8DBD690069D5B8 /* RileyLinkBLEKit.framework */ = {isa = PBXFileReference; explicitFileType = wrapper.framework; path = RileyLinkBLEKit.framework; sourceTree = BUILT_PRODUCTS_DIR; };
		3B4BA7682D8DBD690069D5B8 /* RileyLinkKit.framework */ = {isa = PBXFileReference; explicitFileType = wrapper.framework; path = RileyLinkKit.framework; sourceTree = BUILT_PRODUCTS_DIR; };
		3B4BA7692D8DBD690069D5B8 /* RileyLinkKitUI.framework */ = {isa = PBXFileReference; explicitFileType = wrapper.framework; path = RileyLinkKitUI.framework; sourceTree = BUILT_PRODUCTS_DIR; };
		3B4BA7882D8DC0EC0069D5B8 /* TidepoolServiceKit.framework */ = {isa = PBXFileReference; explicitFileType = wrapper.framework; path = TidepoolServiceKit.framework; sourceTree = BUILT_PRODUCTS_DIR; };
		3B4BA7892D8DC0EC0069D5B8 /* TidepoolServiceKitUI.framework */ = {isa = PBXFileReference; explicitFileType = wrapper.framework; path = TidepoolServiceKitUI.framework; sourceTree = BUILT_PRODUCTS_DIR; };
		3E5308A43002BC970075629E /* AccuChekKit.framework */ = {isa = PBXFileReference; explicitFileType = wrapper.framework; path = AccuChekKit.framework; sourceTree = BUILT_PRODUCTS_DIR; };
		3E54EF2B2E476DA40006F54D /* MedtrumKit.framework */ = {isa = PBXFileReference; explicitFileType = wrapper.framework; path = MedtrumKit.framework; sourceTree = BUILT_PRODUCTS_DIR; };
		3E84DA3F2F48D96000033608 /* EversenseKit.framework */ = {isa = PBXFileReference; explicitFileType = wrapper.framework; path = EversenseKit.framework; sourceTree = BUILT_PRODUCTS_DIR; };
		5E12FE0E2EBC0000000000A1 /* LibreLoop.framework */ = {isa = PBXFileReference; explicitFileType = wrapper.framework; path = LibreLoop.framework; sourceTree = BUILT_PRODUCTS_DIR; };
		5E12FE0E2EBC0000000000A2 /* LibreLoopUI.framework */ = {isa = PBXFileReference; explicitFileType = wrapper.framework; path = LibreLoopUI.framework; sourceTree = BUILT_PRODUCTS_DIR; };
		6B1A8D012B14D88B00E76752 /* UniformTypeIdentifiers.framework */ = {isa = PBXFileReference; lastKnownFileType = wrapper.framework; name = UniformTypeIdentifiers.framework; path = System/Library/Frameworks/UniformTypeIdentifiers.framework; sourceTree = SDKROOT; };
		6B1A8D172B14D91600E76752 /* LiveActivityExtension.appex */ = {isa = PBXFileReference; explicitFileType = "wrapper.app-extension"; includeInIndex = 0; path = LiveActivityExtension.appex; sourceTree = BUILT_PRODUCTS_DIR; };
		6B1A8D182B14D91600E76752 /* WidgetKit.framework */ = {isa = PBXFileReference; lastKnownFileType = wrapper.framework; name = WidgetKit.framework; path = System/Library/Frameworks/WidgetKit.framework; sourceTree = SDKROOT; };
		6B1A8D1A2B14D91600E76752 /* SwiftUI.framework */ = {isa = PBXFileReference; lastKnownFileType = wrapper.framework; name = SwiftUI.framework; path = System/Library/Frameworks/SwiftUI.framework; sourceTree = SDKROOT; };
		B6E925122EB3932A0076D719 /* OmnipodKit.framework */ = {isa = PBXFileReference; explicitFileType = wrapper.framework; path = OmnipodKit.framework; sourceTree = BUILT_PRODUCTS_DIR; };
		BD1CF8B72C1A4A8400CB930A /* ConfigOverride.xcconfig */ = {isa = PBXFileReference; lastKnownFileType = text.xcconfig; path = ConfigOverride.xcconfig; sourceTree = "<group>"; };
		BD8207C32D2B42E50023339D /* Trio Watch Complication Extension.appex */ = {isa = PBXFileReference; explicitFileType = "wrapper.app-extension"; includeInIndex = 0; path = "Trio Watch Complication Extension.appex"; sourceTree = BUILT_PRODUCTS_DIR; };
		BDFF797C2D25AA870016C40C /* Trio Watch App.app */ = {isa = PBXFileReference; explicitFileType = wrapper.application; includeInIndex = 0; path = "Trio Watch App.app"; sourceTree = BUILT_PRODUCTS_DIR; };
		BDFF798B2D25AA890016C40C /* Trio Watch AppTests.xctest */ = {isa = PBXFileReference; explicitFileType = wrapper.cfbundle; includeInIndex = 0; path = "Trio Watch AppTests.xctest"; sourceTree = BUILT_PRODUCTS_DIR; };
		CE1F6DE62BAF1A180064EB8D /* BuildDetails.plist */ = {isa = PBXFileReference; lastKnownFileType = text.plist.xml; path = BuildDetails.plist; sourceTree = "<group>"; };
		CE398D012977349800DF218F /* CryptoKit.framework */ = {isa = PBXFileReference; lastKnownFileType = wrapper.framework; name = CryptoKit.framework; path = System/Library/Frameworks/CryptoKit.framework; sourceTree = SDKROOT; };
		CE398D17297C9EE800DF218F /* G7SensorKit.framework */ = {isa = PBXFileReference; explicitFileType = wrapper.framework; path = G7SensorKit.framework; sourceTree = BUILT_PRODUCTS_DIR; };
		CE398D1A297D69A900DF218F /* ShareClient.framework */ = {isa = PBXFileReference; explicitFileType = wrapper.framework; path = ShareClient.framework; sourceTree = BUILT_PRODUCTS_DIR; };
		CE51DD1B2A01970800F163F7 /* ConnectIQ 2.xcframework */ = {isa = PBXFileReference; lastKnownFileType = wrapper.xcframework; name = "ConnectIQ 2.xcframework"; path = "Dependencies/ConnectIQ 2.xcframework"; sourceTree = "<group>"; };
		CE6B025628F350FF000C5502 /* HealthKit.framework */ = {isa = PBXFileReference; lastKnownFileType = wrapper.framework; name = HealthKit.framework; path = Platforms/WatchOS.platform/Developer/SDKs/WatchOS9.1.sdk/System/Library/Frameworks/HealthKit.framework; sourceTree = DEVELOPER_DIR; };
		CE79502729980C9600FA576E /* CGMBLEKitUI.framework */ = {isa = PBXFileReference; explicitFileType = wrapper.framework; path = CGMBLEKitUI.framework; sourceTree = BUILT_PRODUCTS_DIR; };
		CE79502929980C9F00FA576E /* G7SensorKitUI.framework */ = {isa = PBXFileReference; explicitFileType = wrapper.framework; path = G7SensorKitUI.framework; sourceTree = BUILT_PRODUCTS_DIR; };
		CE79502D29980E4D00FA576E /* ShareClientUI.framework */ = {isa = PBXFileReference; explicitFileType = wrapper.framework; path = ShareClientUI.framework; sourceTree = BUILT_PRODUCTS_DIR; };
		CE94597929E9DF7B0047C9C6 /* ConnectIQ.framework */ = {isa = PBXFileReference; lastKnownFileType = wrapper.framework; name = ConnectIQ.framework; path = "Dependencies/ios-armv7_arm64/ConnectIQ.framework"; sourceTree = "<group>"; };
		CE95BF492BA5CED700DC3DE3 /* LoopKit.framework */ = {isa = PBXFileReference; explicitFileType = wrapper.framework; path = LoopKit.framework; sourceTree = BUILT_PRODUCTS_DIR; };
		CE95BF4A2BA5CED700DC3DE3 /* LoopKitUI.framework */ = {isa = PBXFileReference; explicitFileType = wrapper.framework; path = LoopKitUI.framework; sourceTree = BUILT_PRODUCTS_DIR; };
		CEB434DB28B8F5B900B70274 /* MKRingProgressView.framework */ = {isa = PBXFileReference; explicitFileType = wrapper.framework; path = MKRingProgressView.framework; sourceTree = BUILT_PRODUCTS_DIR; };
		CEC751D529D88262006E9D24 /* MinimedKit.framework */ = {isa = PBXFileReference; explicitFileType = wrapper.framework; path = MinimedKit.framework; sourceTree = BUILT_PRODUCTS_DIR; };
		CEC751D729D88262006E9D24 /* MinimedKitUI.framework */ = {isa = PBXFileReference; explicitFileType = wrapper.framework; path = MinimedKitUI.framework; sourceTree = BUILT_PRODUCTS_DIR; };
		DDA9AC0A2D678DAD00E6F1A9 /* blacklisted-versions.json */ = {isa = PBXFileReference; lastKnownFileType = text.json; path = "blacklisted-versions.json"; sourceTree = "<group>"; };
		E0CC2C5B275B9DAE00A7BC71 /* HealthKit.framework */ = {isa = PBXFileReference; lastKnownFileType = wrapper.framework; name = HealthKit.framework; path = System/Library/Frameworks/HealthKit.framework; sourceTree = SDKROOT; };
/* End PBXFileReference section */

/* Begin PBXFileSystemSynchronizedBuildFileExceptionSet section */
		3E2127CA3060669500A75D62 /* PBXFileSystemSynchronizedBuildFileExceptionSet */ = {
			isa = PBXFileSystemSynchronizedBuildFileExceptionSet;
			membershipExceptions = (
				Info.plist,
			);
			target = 38FCF3EC25E9028E0078B0D1 /* TrioTests */;
		};
		3E2127D23060669900A75D62 /* PBXFileSystemSynchronizedBuildFileExceptionSet */ = {
			isa = PBXFileSystemSynchronizedBuildFileExceptionSet;
			membershipExceptions = (
				Info.plist,
			);
			target = BD8207C22D2B42E50023339D /* Trio Watch Complication Extension */;
		};
		3E212E47306066B000A75D62 /* PBXFileSystemSynchronizedBuildFileExceptionSet */ = {
			isa = PBXFileSystemSynchronizedBuildFileExceptionSet;
			membershipExceptions = (
				Resources/Info.plist,
			);
			target = 388E595725AD948C0019842D /* Trio */;
		};
		3E212E48306066B000A75D62 /* PBXFileSystemSynchronizedBuildFileExceptionSet */ = {
			isa = PBXFileSystemSynchronizedBuildFileExceptionSet;
			membershipExceptions = (
				Sources/Localizations/Main/Localizable.xcstrings,
				Sources/Services/LiveActivity/LiveActitiyAttributes.swift,
			);
			target = 6B1A8D162B14D91500E76752 /* LiveActivityExtension */;
		};
		3E212E49306066B000A75D62 /* PBXFileSystemSynchronizedBuildFileExceptionSet */ = {
			isa = PBXFileSystemSynchronizedBuildFileExceptionSet;
			membershipExceptions = (
				Sources/Localizations/Main/Localizable.xcstrings,
				Sources/Models/NotificationIdentifiers.swift,
				Sources/Models/OverridePresetWatch.swift,
				Sources/Models/TempTargetPresetWatch.swift,
				Sources/Models/WatchMessageKeys.swift,
			);
			target = BDFF797B2D25AA870016C40C /* Trio Watch App */;
		};
		3E212E4A306066B000A75D62 /* PBXFileSystemSynchronizedBuildFileExceptionSet */ = {
			isa = PBXFileSystemSynchronizedBuildFileExceptionSet;
			membershipExceptions = (
				Sources/Localizations/Main/Localizable.xcstrings,
			);
			target = BD8207C22D2B42E50023339D /* Trio Watch Complication Extension */;
		};
		3E212ECD3060675600A75D62 /* PBXFileSystemSynchronizedBuildFileExceptionSet */ = {
			isa = PBXFileSystemSynchronizedBuildFileExceptionSet;
			membershipExceptions = (
				"Classes+Properties/ContactTrickEntryStored+CoreDataClass.swift",
				"Classes+Properties/ContactTrickEntryStored+CoreDataProperties.swift",
			);
			target = 388E595725AD948C0019842D /* Trio */;
		};
		3E212EF8306067A200A75D62 /* PBXFileSystemSynchronizedBuildFileExceptionSet */ = {
			isa = PBXFileSystemSynchronizedBuildFileExceptionSet;
			membershipExceptions = (
				Info.plist,
			);
			target = 6B1A8D162B14D91500E76752 /* LiveActivityExtension */;
		};
/* End PBXFileSystemSynchronizedBuildFileExceptionSet section */

/* Begin PBXFileSystemSynchronizedRootGroup section */
		3E2127193060669400A75D62 /* TrioTests */ = {isa = PBXFileSystemSynchronizedRootGroup; exceptions = (3E2127CA3060669500A75D62 /* PBXFileSystemSynchronizedBuildFileExceptionSet */, ); explicitFileTypes = {}; explicitFolders = (OpenAPSSwiftTests/Parity/goldens, ); path = TrioTests; sourceTree = "<group>"; };
		3E2127CE3060669800A75D62 /* Trio Watch Complication */ = {isa = PBXFileSystemSynchronizedRootGroup; exceptions = (3E2127D23060669900A75D62 /* PBXFileSystemSynchronizedBuildFileExceptionSet */, ); explicitFileTypes = {}; explicitFolders = (); path = "Trio Watch Complication"; sourceTree = "<group>"; };
		3E2127D43060669D00A75D62 /* Trio Watch App Tests */ = {isa = PBXFileSystemSynchronizedRootGroup; explicitFileTypes = {}; explicitFolders = (); path = "Trio Watch App Tests"; sourceTree = "<group>"; };
		3E2127F0306066A000A75D62 /* Trio Watch App Extension */ = {isa = PBXFileSystemSynchronizedRootGroup; explicitFileTypes = {}; explicitFolders = (); path = "Trio Watch App Extension"; sourceTree = "<group>"; };
		3E21280C306066A400A75D62 /* Trio Watch App */ = {isa = PBXFileSystemSynchronizedRootGroup; explicitFileTypes = {}; explicitFolders = (); path = "Trio Watch App"; sourceTree = "<group>"; };
		3E212B81306066AF00A75D62 /* Trio */ = {isa = PBXFileSystemSynchronizedRootGroup; exceptions = (3E212E47306066B000A75D62 /* PBXFileSystemSynchronizedBuildFileExceptionSet */, 3E212E48306066B000A75D62 /* PBXFileSystemSynchronizedBuildFileExceptionSet */, 3E212E49306066B000A75D62 /* PBXFileSystemSynchronizedBuildFileExceptionSet */, 3E212E4A306066B000A75D62 /* PBXFileSystemSynchronizedBuildFileExceptionSet */, ); explicitFileTypes = {}; explicitFolders = (Resources/json, ); path = Trio; sourceTree = "<group>"; };
		3E212E8E3060675500A75D62 /* Model */ = {isa = PBXFileSystemSynchronizedRootGroup; exceptions = (3E212ECD3060675600A75D62 /* PBXFileSystemSynchronizedBuildFileExceptionSet */, ); explicitFileTypes = {}; explicitFolders = (); path = Model; sourceTree = "<group>"; };
		3E212EE7306067A100A75D62 /* LiveActivity */ = {isa = PBXFileSystemSynchronizedRootGroup; exceptions = (3E212EF8306067A200A75D62 /* PBXFileSystemSynchronizedBuildFileExceptionSet */, ); explicitFileTypes = {}; explicitFolders = (); path = LiveActivity; sourceTree = "<group>"; };
/* End PBXFileSystemSynchronizedRootGroup section */

/* Begin PBXFrameworksBuildPhase section */
		388E595525AD948C0019842D /* Frameworks */ = {
			isa = PBXFrameworksBuildPhase;
			buildActionMask = 2147483647;
			files = (
				CE95BF632BA771BE00DC3DE3 /* LoopTestingKit.framework in Frameworks */,
				3B4BA7722D8DBD690069D5B8 /* G7SensorKitUI.framework in Frameworks */,
				3B4BA7742D8DBD690069D5B8 /* LibreTransmitter.framework in Frameworks */,
				5E12FE0E2EBC0000000000B1 /* LibreLoop.framework in Frameworks */,
				5E12FE0E2EBC0000000000B2 /* LibreLoopUI.framework in Frameworks */,
				3B4BA78C2D8DC0EC0069D5B8 /* ShareClientUI.framework in Frameworks */,
				3B4BA77A2D8DBD690069D5B8 /* MinimedKitUI.framework in Frameworks */,
				3BD9687C2D8DDD4600899469 /* SlideButton in Frameworks */,
				5E12FE112EBC0000000000A2 /* LoopAlgorithm in Frameworks */,
				5E12FE112EBC0000000000B2 /* LibreCRKit in Frameworks */,
				3B4BA7782D8DBD690069D5B8 /* MinimedKit.framework in Frameworks */,
				3B4BA7762D8DBD690069D5B8 /* LibreTransmitterUI.framework in Frameworks */,
				3E54EF2C2E476DA40006F54D /* MedtrumKit.framework in Frameworks */,
				3B4BA7902D8DC0EC0069D5B8 /* TidepoolServiceKitUI.framework in Frameworks */,
				3B4BA76A2D8DBD690069D5B8 /* CGMBLEKit.framework in Frameworks */,
				38E87403274F78C000975559 /* libswiftCoreNFC.tbd in Frameworks */,
				38E87401274F77E400975559 /* CoreNFC.framework in Frameworks */,
				3B4BA78A2D8DC0EC0069D5B8 /* ShareClient.framework in Frameworks */,
				B6E925132EB3932A0076D719 /* OmnipodKit.framework in Frameworks */,
				3E5308A53002BC970075629E /* AccuChekKit.framework in Frameworks */,
				3811DE1025C9D37700A708ED /* Swinject in Frameworks */,
				3B4BA78E2D8DC0EC0069D5B8 /* TidepoolServiceKit.framework in Frameworks */,
				B958F1B72BA0711600484851 /* MKRingProgressView in Frameworks */,
				3B4BA7702D8DBD690069D5B8 /* G7SensorKit.framework in Frameworks */,
				3B4BA76C2D8DBD690069D5B8 /* CGMBLEKitUI.framework in Frameworks */,
				3E84DA402F48D96000033608 /* EversenseKit.framework in Frameworks */,
				CE95BF5B2BA770C300DC3DE3 /* LoopKit.framework in Frameworks */,
				38B17B6625DD90E0005CAE3D /* SwiftDate in Frameworks */,
				3833B46D26012030003021B3 /* Algorithms in Frameworks */,
				3B4BA7822D8DBD690069D5B8 /* RileyLinkBLEKit.framework in Frameworks */,
				3B4BA76E2D8DBD690069D5B8 /* DanaKit.framework in Frameworks */,
				3B47C6102DA0A28F00B0E5EF /* FirebaseCrashlytics in Frameworks */,
				3B4BA7862D8DBD690069D5B8 /* RileyLinkKitUI.framework in Frameworks */,
				CEB434FD28B90B7C00B70274 /* SwiftCharts in Frameworks */,
				CE95BF5F2BA7715800DC3DE3 /* MockKit.framework in Frameworks */,
				DD17A0292E3FE0BD008E1BF0 /* SwiftJWT in Frameworks */,
				3BD9687F2D8DDD8800899469 /* CryptoSwift in Frameworks */,
				3B4BA7842D8DBD690069D5B8 /* RileyLinkKit.framework in Frameworks */,
				CE95BF612BA7715900DC3DE3 /* MockKitUI.framework in Frameworks */,
				E0CC2C5C275B9F0F00A7BC71 /* HealthKit.framework in Frameworks */,
				CE95BF5D2BA770C300DC3DE3 /* LoopKitUI.framework in Frameworks */,
				3E28F2AB2EB5337F00FB9EEB /* ConnectIQ in Frameworks */,
			);
			runOnlyForDeploymentPostprocessing = 0;
		};
		38FCF3EA25E9028E0078B0D1 /* Frameworks */ = {
			isa = PBXFrameworksBuildPhase;
			buildActionMask = 2147483647;
			files = (
			);
			runOnlyForDeploymentPostprocessing = 0;
		};
		6B1A8D142B14D91500E76752 /* Frameworks */ = {
			isa = PBXFrameworksBuildPhase;
			buildActionMask = 2147483647;
			files = (
				6B1A8D1B2B14D91600E76752 /* SwiftUI.framework in Frameworks */,
				6B1A8D192B14D91600E76752 /* WidgetKit.framework in Frameworks */,
			);
			runOnlyForDeploymentPostprocessing = 0;
		};
		BD8207C02D2B42E50023339D /* Frameworks */ = {
			isa = PBXFrameworksBuildPhase;
			buildActionMask = 2147483647;
			files = (
				BD8207C52D2B42E60023339D /* SwiftUI.framework in Frameworks */,
				BD8207C42D2B42E60023339D /* WidgetKit.framework in Frameworks */,
			);
			runOnlyForDeploymentPostprocessing = 0;
		};
		BDFF79792D25AA870016C40C /* Frameworks */ = {
			isa = PBXFrameworksBuildPhase;
			buildActionMask = 2147483647;
			files = (
			);
			runOnlyForDeploymentPostprocessing = 0;
		};
		BDFF79882D25AA890016C40C /* Frameworks */ = {
			isa = PBXFrameworksBuildPhase;
			buildActionMask = 2147483647;
			files = (
			);
			runOnlyForDeploymentPostprocessing = 0;
		};
/* End PBXFrameworksBuildPhase section */

/* Begin PBXGroup section */
		3818AA48274C267000843DB3 /* Frameworks */ = {
			isa = PBXGroup;
			children = (
				3E5308A43002BC970075629E /* AccuChekKit.framework */,
				B6E925122EB3932A0076D719 /* OmnipodKit.framework */,
				3E54EF2B2E476DA40006F54D /* MedtrumKit.framework */,
				3E84DA3F2F48D96000033608 /* EversenseKit.framework */,
				3B4BA7882D8DC0EC0069D5B8 /* TidepoolServiceKit.framework */,
				3B4BA7892D8DC0EC0069D5B8 /* TidepoolServiceKitUI.framework */,
				3B4BA75B2D8DBD690069D5B8 /* CGMBLEKit.framework */,
				3B4BA75C2D8DBD690069D5B8 /* CGMBLEKitUI.framework */,
				3B4BA75D2D8DBD690069D5B8 /* DanaKit.framework */,
				3B4BA75E2D8DBD690069D5B8 /* G7SensorKit.framework */,
				3B4BA75F2D8DBD690069D5B8 /* G7SensorKitUI.framework */,
				3B4BA7602D8DBD690069D5B8 /* LibreTransmitter.framework */,
				3B4BA7612D8DBD690069D5B8 /* LibreTransmitterUI.framework */,
				5E12FE0E2EBC0000000000A1 /* LibreLoop.framework */,
				5E12FE0E2EBC0000000000A2 /* LibreLoopUI.framework */,
				3B4BA7622D8DBD690069D5B8 /* MinimedKit.framework */,
				3B4BA7632D8DBD690069D5B8 /* MinimedKitUI.framework */,
				3B4BA7672D8DBD690069D5B8 /* RileyLinkBLEKit.framework */,
				3B4BA7682D8DBD690069D5B8 /* RileyLinkKit.framework */,
				3B4BA7692D8DBD690069D5B8 /* RileyLinkKitUI.framework */,
				CE95BF492BA5CED700DC3DE3 /* LoopKit.framework */,
				CE95BF4A2BA5CED700DC3DE3 /* LoopKitUI.framework */,
				CE51DD1B2A01970800F163F7 /* ConnectIQ 2.xcframework */,
				CE94597929E9DF7B0047C9C6 /* ConnectIQ.framework */,
				CEC751D529D88262006E9D24 /* MinimedKit.framework */,
				CEC751D729D88262006E9D24 /* MinimedKitUI.framework */,
				CE79502D29980E4D00FA576E /* ShareClientUI.framework */,
				CE79502929980C9F00FA576E /* G7SensorKitUI.framework */,
				CE79502729980C9600FA576E /* CGMBLEKitUI.framework */,
				CE398D1A297D69A900DF218F /* ShareClient.framework */,
				CE398D17297C9EE800DF218F /* G7SensorKit.framework */,
				CE398D012977349800DF218F /* CryptoKit.framework */,
				CE6B025628F350FF000C5502 /* HealthKit.framework */,
				CEB434DB28B8F5B900B70274 /* MKRingProgressView.framework */,
				E0CC2C5B275B9DAE00A7BC71 /* HealthKit.framework */,
				38E87402274F78C000975559 /* libswiftCoreNFC.tbd */,
				38E873FD274F761800975559 /* CoreNFC.framework */,
				3818AA70274C278200843DB3 /* LoopTestingKit.framework */,
				3818AA4C274C26A300843DB3 /* LoopKit.framework */,
				3818AA4D274C26A300843DB3 /* LoopKitUI.framework */,
				3818AA4E274C26A300843DB3 /* MockKit.framework */,
				3818AA4F274C26A300843DB3 /* MockKitUI.framework */,
				3818AA51274C26A300843DB3 /* MinimedKit.framework */,
				3818AA52274C26A300843DB3 /* MinimedKitUI.framework */,
				3818AA55274C26A300843DB3 /* RileyLinkBLEKit.framework */,
				3818AA56274C26A300843DB3 /* RileyLinkKit.framework */,
				3818AA57274C26A300843DB3 /* RileyLinkKitUI.framework */,
				3818AA49274C267000843DB3 /* CGMBLEKit.framework */,
				6B1A8D012B14D88B00E76752 /* UniformTypeIdentifiers.framework */,
				6B1A8D182B14D91600E76752 /* WidgetKit.framework */,
				6B1A8D1A2B14D91600E76752 /* SwiftUI.framework */,
			);
			name = Frameworks;
			sourceTree = "<group>";
		};
		388E594F25AD948C0019842D = {
			isa = PBXGroup;
			children = (
				DDA9AC0A2D678DAD00E6F1A9 /* blacklisted-versions.json */,
				CE1F6DE62BAF1A180064EB8D /* BuildDetails.plist */,
				38F3783A2613555C009DB701 /* Config.xcconfig */,
				BD1CF8B72C1A4A8400CB930A /* ConfigOverride.xcconfig */,
				3818AA48274C267000843DB3 /* Frameworks */,
				3E212EE7306067A100A75D62 /* LiveActivity */,
				3E212E8E3060675500A75D62 /* Model */,
				3E212B81306066AF00A75D62 /* Trio */,
				3E21280C306066A400A75D62 /* Trio Watch App */,
				3E2127F0306066A000A75D62 /* Trio Watch App Extension */,
				3E2127D43060669D00A75D62 /* Trio Watch App Tests */,
				3E2127CE3060669800A75D62 /* Trio Watch Complication */,
				3E2127193060669400A75D62 /* TrioTests */,
				388E595925AD948C0019842D /* Products */,
			);
			sourceTree = "<group>";
		};
		388E595925AD948C0019842D /* Products */ = {
			isa = PBXGroup;
			children = (
				388E595825AD948C0019842D /* Trio.app */,
				38FCF3ED25E9028E0078B0D1 /* TrioTests.xctest */,
				6B1A8D172B14D91600E76752 /* LiveActivityExtension.appex */,
				BDFF797C2D25AA870016C40C /* Trio Watch App.app */,
				BDFF798B2D25AA890016C40C /* Trio Watch AppTests.xctest */,
				BD8207C32D2B42E50023339D /* Trio Watch Complication Extension.appex */,
			);
			name = Products;
			sourceTree = "<group>";
		};
/* End PBXGroup section */

/* Begin PBXNativeTarget section */
		388E595725AD948C0019842D /* Trio */ = {
			isa = PBXNativeTarget;
			buildConfigurationList = 388E596725AD948E0019842D /* Build configuration list for PBXNativeTarget "Trio" */;
			buildPhases = (
				3811DEF525CA169200A708ED /* Swiftformat */,
				388E595425AD948C0019842D /* Sources */,
				388E595525AD948C0019842D /* Frameworks */,
				388E595625AD948C0019842D /* Resources */,
				3821ECD025DC703C00BC42AD /* Embed Frameworks */,
				38E8753D27554D5900975559 /* Embed Watch Content */,
				6B1A8D122B14D88E00E76752 /* Embed Foundation Extensions */,
				DD88C8DF2C4D583900F2D558 /* Run Script: Capture Build Details */,
				DB0BB0020000000000000011 /* Run Script: Capture Release Notes */,
				3B47C6112DA0A52C00B0E5EF /* Run Script: Copy dSYM to Crashlytics */,
			);
			buildRules = (
			);
			dependencies = (
				6B1A8D272B14D91700E76752 /* PBXTargetDependency */,
				BDFF799E2D25AA890016C40C /* PBXTargetDependency */,
			);
			fileSystemSynchronizedGroups = (
				3E212B81306066AF00A75D62 /* Trio */,
				3E212E8E3060675500A75D62 /* Model */,
			);
			name = Trio;
			packageProductDependencies = (
				3811DE0F25C9D37700A708ED /* Swinject */,
				38B17B6525DD90E0005CAE3D /* SwiftDate */,
				3833B46C26012030003021B3 /* Algorithms */,
				CEB434FC28B90B7C00B70274 /* SwiftCharts */,
				B958F1B62BA0711600484851 /* MKRingProgressView */,
				3BD9687B2D8DDD4600899469 /* SlideButton */,
				3BD9687E2D8DDD8800899469 /* CryptoSwift */,
				3B47C60F2DA0A28F00B0E5EF /* FirebaseCrashlytics */,
				DD17A0282E3FE0BD008E1BF0 /* SwiftJWT */,
				3E28F2AA2EB5337F00FB9EEB /* ConnectIQ */,
				5E12FE112EBC0000000000A1 /* LoopAlgorithm */,
				5E12FE112EBC0000000000B1 /* LibreCRKit */,
			);
			productName = Trio;
			productReference = 388E595825AD948C0019842D /* Trio.app */;
			productType = "com.apple.product-type.application";
		};
		38FCF3EC25E9028E0078B0D1 /* TrioTests */ = {
			isa = PBXNativeTarget;
			buildConfigurationList = 38FCF3F425E9028E0078B0D1 /* Build configuration list for PBXNativeTarget "TrioTests" */;
			buildPhases = (
				38FCF3E925E9028E0078B0D1 /* Sources */,
				38FCF3EA25E9028E0078B0D1 /* Frameworks */,
				38FCF3EB25E9028E0078B0D1 /* Resources */,
			);
			buildRules = (
			);
			dependencies = (
				38FCF3F325E9028E0078B0D1 /* PBXTargetDependency */,
			);
			fileSystemSynchronizedGroups = (
				3E2127193060669400A75D62 /* TrioTests */,
			);
			name = TrioTests;
			productName = TrioTests;
			productReference = 38FCF3ED25E9028E0078B0D1 /* TrioTests.xctest */;
			productType = "com.apple.product-type.bundle.unit-test";
		};
		6B1A8D162B14D91500E76752 /* LiveActivityExtension */ = {
			isa = PBXNativeTarget;
			buildConfigurationList = 6B1A8D292B14D91800E76752 /* Build configuration list for PBXNativeTarget "LiveActivityExtension" */;
			buildPhases = (
				6B1A8D132B14D91500E76752 /* Sources */,
				6B1A8D142B14D91500E76752 /* Frameworks */,
				6B1A8D152B14D91500E76752 /* Resources */,
			);
			buildRules = (
			);
			dependencies = (
			);
			fileSystemSynchronizedGroups = (
				3E212EE7306067A100A75D62 /* LiveActivity */,
			);
			name = LiveActivityExtension;
			productName = LiveActivityExtension;
			productReference = 6B1A8D172B14D91600E76752 /* LiveActivityExtension.appex */;
			productType = "com.apple.product-type.app-extension";
		};
		BD8207C22D2B42E50023339D /* Trio Watch Complication Extension */ = {
			isa = PBXNativeTarget;
			buildConfigurationList = BD8207D32D2B42E80023339D /* Build configuration list for PBXNativeTarget "Trio Watch Complication Extension" */;
			buildPhases = (
				BD8207BF2D2B42E50023339D /* Sources */,
				BD8207C02D2B42E50023339D /* Frameworks */,
				BD8207C12D2B42E50023339D /* Resources */,
			);
			buildRules = (
			);
			dependencies = (
			);
			fileSystemSynchronizedGroups = (
				3E2127CE3060669800A75D62 /* Trio Watch Complication */,
			);
			name = "Trio Watch Complication Extension";
			packageProductDependencies = (
			);
			productName = "Trio Watch WidgetExtension";
			productReference = BD8207C32D2B42E50023339D /* Trio Watch Complication Extension.appex */;
			productType = "com.apple.product-type.app-extension";
		};
		BDFF797B2D25AA870016C40C /* Trio Watch App */ = {
			isa = PBXNativeTarget;
			buildConfigurationList = BDFF79A02D25AA890016C40C /* Build configuration list for PBXNativeTarget "Trio Watch App" */;
			buildPhases = (
				BDFF79782D25AA870016C40C /* Sources */,
				BDFF79792D25AA870016C40C /* Frameworks */,
				BDFF797A2D25AA870016C40C /* Resources */,
				BD8207CF2D2B42E80023339D /* Embed Foundation Extensions */,
			);
			buildRules = (
			);
			dependencies = (
				BD8207CD2D2B42E70023339D /* PBXTargetDependency */,
			);
			fileSystemSynchronizedGroups = (
				3E2127F0306066A000A75D62 /* Trio Watch App Extension */,
			);
			name = "Trio Watch App";
			packageProductDependencies = (
			);
			productName = "TrioWatch Watch App";
			productReference = BDFF797C2D25AA870016C40C /* Trio Watch App.app */;
			productType = "com.apple.product-type.application";
		};
		BDFF798A2D25AA890016C40C /* Trio Watch AppTests */ = {
			isa = PBXNativeTarget;
			buildConfigurationList = BDFF79A32D25AA890016C40C /* Build configuration list for PBXNativeTarget "Trio Watch AppTests" */;
			buildPhases = (
				BDFF79872D25AA890016C40C /* Sources */,
				BDFF79882D25AA890016C40C /* Frameworks */,
				BDFF79892D25AA890016C40C /* Resources */,
			);
			buildRules = (
			);
			dependencies = (
				BDFF798D2D25AA890016C40C /* PBXTargetDependency */,
			);
			fileSystemSynchronizedGroups = (
				3E2127D43060669D00A75D62 /* Trio Watch App Tests */,
			);
			name = "Trio Watch AppTests";
			packageProductDependencies = (
			);
			productName = "TrioWatch Watch AppTests";
			productReference = BDFF798B2D25AA890016C40C /* Trio Watch AppTests.xctest */;
			productType = "com.apple.product-type.bundle.unit-test";
		};
/* End PBXNativeTarget section */

/* Begin PBXProject section */
		388E595025AD948C0019842D /* Project object */ = {
			isa = PBXProject;
			attributes = {
				BuildIndependentTargetsInParallel = YES;
				LastSwiftUpdateCheck = 1620;
				LastUpgradeCheck = 1620;
				TargetAttributes = {
					388E595725AD948C0019842D = {
						CreatedOnToolsVersion = 12.3;
					};
					38FCF3EC25E9028E0078B0D1 = {
						CreatedOnToolsVersion = 12.4;
						TestTargetID = 388E595725AD948C0019842D;
					};
					BD8207C22D2B42E50023339D = {
						CreatedOnToolsVersion = 16.2;
					};
					BDFF797B2D25AA870016C40C = {
						CreatedOnToolsVersion = 16.2;
					};
					BDFF798A2D25AA890016C40C = {
						CreatedOnToolsVersion = 16.2;
						TestTargetID = BDFF797B2D25AA870016C40C;
					};
				};
			};
			buildConfigurationList = 388E595325AD948C0019842D /* Build configuration list for PBXProject "Trio" */;
			compatibilityVersion = "Xcode 9.3";
			developmentRegion = en;
			hasScannedForEncodings = 0;
			knownRegions = (
				en,
				Base,
				ar,
				ca,
				"zh-Hans",
				da,
				nl,
				fr,
				de,
				he,
				it,
				nb,
				pl,
				ru,
				es,
				sv,
				tr,
				uk,
				fi,
				"pt-PT",
				"pt-BR",
				sk,
				hu,
				vi,
			);
			mainGroup = 388E594F25AD948C0019842D;
			packageReferences = (
				3811DE0E25C9D37700A708ED /* XCRemoteSwiftPackageReference "Swinject" */,
				38B17B6425DD90E0005CAE3D /* XCRemoteSwiftPackageReference "SwiftDate" */,
				3833B46B26012030003021B3 /* XCRemoteSwiftPackageReference "swift-algorithms" */,
				CEB434FB28B90B7C00B70274 /* XCRemoteSwiftPackageReference "SwiftCharts" */,
				B958F1B52BA0711600484851 /* XCRemoteSwiftPackageReference "MKRingProgressView" */,
				3BD9687A2D8DDD4600899469 /* XCRemoteSwiftPackageReference "SlideButton" */,
				3BD9687D2D8DDD8800899469 /* XCRemoteSwiftPackageReference "CryptoSwift" */,
				3B47C60E2DA0A28F00B0E5EF /* XCRemoteSwiftPackageReference "firebase-ios-sdk" */,
				DD868FD92E381E1C005D3308 /* XCRemoteSwiftPackageReference "Swift-JWT" */,
				3E28F2A92EB5337F00FB9EEB /* XCRemoteSwiftPackageReference "connectiq-companion-app-sdk-ios" */,
				5E12FE112EBC0000000000A0 /* XCLocalSwiftPackageReference "LoopAlgorithm" */,
				5E12FE112EBC0000000000B0 /* XCLocalSwiftPackageReference "LibreCRKit" */,
			);
			productRefGroup = 388E595925AD948C0019842D /* Products */;
			projectDirPath = "";
			projectRoot = "";
			targets = (
				388E595725AD948C0019842D /* Trio */,
				38FCF3EC25E9028E0078B0D1 /* TrioTests */,
				6B1A8D162B14D91500E76752 /* LiveActivityExtension */,
				BDFF797B2D25AA870016C40C /* Trio Watch App */,
				BDFF798A2D25AA890016C40C /* Trio Watch AppTests */,
				BD8207C22D2B42E50023339D /* Trio Watch Complication Extension */,
			);
		};
/* End PBXProject section */

/* Begin PBXResourcesBuildPhase section */
		388E595625AD948C0019842D /* Resources */ = {
			isa = PBXResourcesBuildPhase;
			buildActionMask = 2147483647;
			files = (
				CE1F6DE72BAF1A180064EB8D /* BuildDetails.plist in Resources */,
			);
			runOnlyForDeploymentPostprocessing = 0;
		};
		38FCF3EB25E9028E0078B0D1 /* Resources */ = {
			isa = PBXResourcesBuildPhase;
			buildActionMask = 2147483647;
			files = (
			);
			runOnlyForDeploymentPostprocessing = 0;
		};
		6B1A8D152B14D91500E76752 /* Resources */ = {
			isa = PBXResourcesBuildPhase;
			buildActionMask = 2147483647;
			files = (
			);
			runOnlyForDeploymentPostprocessing = 0;
		};
		BD8207C12D2B42E50023339D /* Resources */ = {
			isa = PBXResourcesBuildPhase;
			buildActionMask = 2147483647;
			files = (
			);
			runOnlyForDeploymentPostprocessing = 0;
		};
		BDFF797A2D25AA870016C40C /* Resources */ = {
			isa = PBXResourcesBuildPhase;
			buildActionMask = 2147483647;
			files = (
			);
			runOnlyForDeploymentPostprocessing = 0;
		};
		BDFF79892D25AA890016C40C /* Resources */ = {
			isa = PBXResourcesBuildPhase;
			buildActionMask = 2147483647;
			files = (
			);
			runOnlyForDeploymentPostprocessing = 0;
		};
/* End PBXResourcesBuildPhase section */

/* Begin PBXShellScriptBuildPhase section */
		3811DEF525CA169200A708ED /* Swiftformat */ = {
			isa = PBXShellScriptBuildPhase;
			alwaysOutOfDate = 1;
			buildActionMask = 12;
			files = (
			);
			inputFileListPaths = (
			);
			inputPaths = (
			);
			name = Swiftformat;
			outputFileListPaths = (
			);
			outputPaths = (
			);
			runOnlyForDeploymentPostprocessing = 0;
			shellPath = /bin/sh;
			shellScript = "source \"${SRCROOT}\"/scripts/swiftformat.sh\n\n";
		};
		3B47C6112DA0A52C00B0E5EF /* Run Script: Copy dSYM to Crashlytics */ = {
			isa = PBXShellScriptBuildPhase;
			buildActionMask = 2147483647;
			files = (
			);
			inputFileListPaths = (
			);
			inputPaths = (
				"${DWARF_DSYM_FOLDER_PATH}/${DWARF_DSYM_FILE_NAME}",
				"${DWARF_DSYM_FOLDER_PATH}/${DWARF_DSYM_FILE_NAME}/Contents/Resources/DWARF/${PRODUCT_NAME}",
				"${DWARF_DSYM_FOLDER_PATH}/${DWARF_DSYM_FILE_NAME}/Contents/Info.plist",
				"$(TARGET_BUILD_DIR)/$(UNLOCALIZED_RESOURCES_FOLDER_PATH)/GoogleService-Info.plist",
				"$(TARGET_BUILD_DIR)/$(EXECUTABLE_PATH)",
			);
			name = "Run Script: Copy dSYM to Crashlytics";
			outputFileListPaths = (
			);
			outputPaths = (
			);
			runOnlyForDeploymentPostprocessing = 0;
			shellPath = /bin/sh;
			shellScript = "if [ \"$CI\" = \"true\" ]; then echo \"CI detected - skipping Crashlytics dSYM upload.\"; exit 0; fi\n# Type a script or drag a script file from your workspace to insert its path.\n\"${BUILD_DIR%/Build/*}/SourcePackages/checkouts/firebase-ios-sdk/Crashlytics/run\"\n";
		};
		DB0BB0020000000000000011 /* Run Script: Capture Release Notes */ = {
			isa = PBXShellScriptBuildPhase;
			alwaysOutOfDate = 1;
			buildActionMask = 2147483647;
			files = (
			);
			inputFileListPaths = (
			);
			inputPaths = (
			);
			name = "Run Script: Capture Release Notes";
			outputFileListPaths = (
			);
			outputPaths = (
			);
			runOnlyForDeploymentPostprocessing = 0;
			shellPath = /bin/sh;
			shellScript = "\"${SRCROOT}/scripts/capture-release-notes.sh\"\n";
		};
		DD88C8DF2C4D583900F2D558 /* Run Script: Capture Build Details */ = {
			isa = PBXShellScriptBuildPhase;
			alwaysOutOfDate = 1;
			buildActionMask = 2147483647;
			files = (
			);
			inputFileListPaths = (
			);
			inputPaths = (
			);
			name = "Run Script: Capture Build Details";
			outputFileListPaths = (
			);
			outputPaths = (
			);
			runOnlyForDeploymentPostprocessing = 0;
			shellPath = /bin/sh;
			shellScript = "\"${SRCROOT}/scripts/capture-build-details.sh\"\n";
		};
/* End PBXShellScriptBuildPhase section */

/* Begin PBXSourcesBuildPhase section */
		388E595425AD948C0019842D /* Sources */ = {
			isa = PBXSourcesBuildPhase;
			buildActionMask = 2147483647;
			files = (
				6EADD581738D64431902AC0A /* (null) in Sources */,
				B7C465E9472624D8A2BE2A6A /* (null) in Sources */,
				320D030F724170A637F06D50 /* (null) in Sources */,
			);
			runOnlyForDeploymentPostprocessing = 0;
		};
		38FCF3E925E9028E0078B0D1 /* Sources */ = {
			isa = PBXSourcesBuildPhase;
			buildActionMask = 2147483647;
			files = (
			);
			runOnlyForDeploymentPostprocessing = 0;
		};
		6B1A8D132B14D91500E76752 /* Sources */ = {
			isa = PBXSourcesBuildPhase;
			buildActionMask = 2147483647;
			files = (
			);
			runOnlyForDeploymentPostprocessing = 0;
		};
		BD8207BF2D2B42E50023339D /* Sources */ = {
			isa = PBXSourcesBuildPhase;
			buildActionMask = 2147483647;
			files = (
			);
			runOnlyForDeploymentPostprocessing = 0;
		};
		BDFF79782D25AA870016C40C /* Sources */ = {
			isa = PBXSourcesBuildPhase;
			buildActionMask = 2147483647;
			files = (
			);
			runOnlyForDeploymentPostprocessing = 0;
		};
		BDFF79872D25AA890016C40C /* Sources */ = {
			isa = PBXSourcesBuildPhase;
			buildActionMask = 2147483647;
			files = (
			);
			runOnlyForDeploymentPostprocessing = 0;
		};
/* End PBXSourcesBuildPhase section */

/* Begin PBXTargetDependency section */
		38FCF3F325E9028E0078B0D1 /* PBXTargetDependency */ = {
			isa = PBXTargetDependency;
			target = 388E595725AD948C0019842D /* Trio */;
			targetProxy = 38FCF3F225E9028E0078B0D1 /* PBXContainerItemProxy */;
		};
		6B1A8D272B14D91700E76752 /* PBXTargetDependency */ = {
			isa = PBXTargetDependency;
			target = 6B1A8D162B14D91500E76752 /* LiveActivityExtension */;
			targetProxy = 6B1A8D262B14D91700E76752 /* PBXContainerItemProxy */;
		};
		BD8207CD2D2B42E70023339D /* PBXTargetDependency */ = {
			isa = PBXTargetDependency;
			target = BD8207C22D2B42E50023339D /* Trio Watch Complication Extension */;
			targetProxy = BD8207CC2D2B42E70023339D /* PBXContainerItemProxy */;
		};
		BDFF798D2D25AA890016C40C /* PBXTargetDependency */ = {
			isa = PBXTargetDependency;
			target = BDFF797B2D25AA870016C40C /* Trio Watch App */;
			targetProxy = BDFF798C2D25AA890016C40C /* PBXContainerItemProxy */;
		};
		BDFF799E2D25AA890016C40C /* PBXTargetDependency */ = {
			isa = PBXTargetDependency;
			target = BDFF797B2D25AA870016C40C /* Trio Watch App */;
			targetProxy = BDFF799D2D25AA890016C40C /* PBXContainerItemProxy */;
		};
/* End PBXTargetDependency section */

/* Begin XCBuildConfiguration section */
		388E596525AD948E0019842D /* Debug */ = {
			isa = XCBuildConfiguration;
			baseConfigurationReference = 38F3783A2613555C009DB701 /* Config.xcconfig */;
			buildSettings = {
				ALWAYS_SEARCH_USER_PATHS = NO;
				APP_GROUP_ID = "$(TRIO_APP_GROUP_ID)";
				CLANG_ANALYZER_LOCALIZABILITY_NONLOCALIZED = YES;
				CLANG_ANALYZER_NONNULL = YES;
				CLANG_ANALYZER_NUMBER_OBJECT_CONVERSION = YES_AGGRESSIVE;
				CLANG_CXX_LANGUAGE_STANDARD = "gnu++14";
				CLANG_CXX_LIBRARY = "libc++";
				CLANG_ENABLE_MODULES = YES;
				CLANG_ENABLE_OBJC_ARC = YES;
				CLANG_ENABLE_OBJC_WEAK = YES;
				CLANG_WARN_BLOCK_CAPTURE_AUTORELEASING = YES;
				CLANG_WARN_BOOL_CONVERSION = YES;
				CLANG_WARN_COMMA = YES;
				CLANG_WARN_CONSTANT_CONVERSION = YES;
				CLANG_WARN_DEPRECATED_OBJC_IMPLEMENTATIONS = YES;
				CLANG_WARN_DIRECT_OBJC_ISA_USAGE = YES_ERROR;
				CLANG_WARN_DOCUMENTATION_COMMENTS = YES;
				CLANG_WARN_EMPTY_BODY = YES;
				CLANG_WARN_ENUM_CONVERSION = YES;
				CLANG_WARN_INFINITE_RECURSION = YES;
				CLANG_WARN_INT_CONVERSION = YES;
				CLANG_WARN_NON_LITERAL_NULL_CONVERSION = YES;
				CLANG_WARN_OBJC_IMPLICIT_RETAIN_SELF = YES;
				CLANG_WARN_OBJC_LITERAL_CONVERSION = YES;
				CLANG_WARN_OBJC_ROOT_CLASS = YES_ERROR;
				CLANG_WARN_QUOTED_INCLUDE_IN_FRAMEWORK_HEADER = YES;
				CLANG_WARN_RANGE_LOOP_ANALYSIS = YES;
				CLANG_WARN_STRICT_PROTOTYPES = YES;
				CLANG_WARN_SUSPICIOUS_MOVE = YES;
				CLANG_WARN_UNGUARDED_AVAILABILITY = YES_AGGRESSIVE;
				CLANG_WARN_UNREACHABLE_CODE = YES;
				CLANG_WARN__DUPLICATE_METHOD_MATCH = YES;
				COPY_PHASE_STRIP = NO;
				CURRENT_PROJECT_VERSION = "$(APP_BUILD_NUMBER)";
				DEBUG_INFORMATION_FORMAT = dwarf;
				ENABLE_STRICT_OBJC_MSGSEND = YES;
				ENABLE_TESTABILITY = YES;
				GCC_C_LANGUAGE_STANDARD = gnu11;
				GCC_DYNAMIC_NO_PIC = NO;
				GCC_NO_COMMON_BLOCKS = YES;
				GCC_OPTIMIZATION_LEVEL = 0;
				GCC_PREPROCESSOR_DEFINITIONS = (
					"DEBUG=1",
					"$(inherited)",
				);
				GCC_WARN_64_TO_32_BIT_CONVERSION = YES;
				GCC_WARN_ABOUT_RETURN_TYPE = YES_ERROR;
				GCC_WARN_UNDECLARED_SELECTOR = YES;
				GCC_WARN_UNINITIALIZED_AUTOS = YES_AGGRESSIVE;
				GCC_WARN_UNUSED_FUNCTION = YES;
				GCC_WARN_UNUSED_VARIABLE = YES;
				IPHONEOS_DEPLOYMENT_TARGET = 17.6;
				LOCALIZATION_PREFERS_STRING_CATALOGS = YES;
				MARKETING_VERSION = "$(APP_VERSION)";
				MTL_ENABLE_DEBUG_INFO = INCLUDE_SOURCE;
				MTL_FAST_MATH = YES;
				ONLY_ACTIVE_ARCH = YES;
				SDKROOT = iphoneos;
				SWIFT_ACTIVE_COMPILATION_CONDITIONS = "DEBUG $(inherited)";
				SWIFT_EMIT_LOC_STRINGS = YES;
				SWIFT_OPTIMIZATION_LEVEL = "-Onone";
			};
			name = Debug;
		};
		388E596625AD948E0019842D /* Release */ = {
			isa = XCBuildConfiguration;
			baseConfigurationReference = 38F3783A2613555C009DB701 /* Config.xcconfig */;
			buildSettings = {
				ALWAYS_SEARCH_USER_PATHS = NO;
				APP_GROUP_ID = "$(TRIO_APP_GROUP_ID)";
				CLANG_ANALYZER_LOCALIZABILITY_NONLOCALIZED = YES;
				CLANG_ANALYZER_NONNULL = YES;
				CLANG_ANALYZER_NUMBER_OBJECT_CONVERSION = YES_AGGRESSIVE;
				CLANG_CXX_LANGUAGE_STANDARD = "gnu++14";
				CLANG_CXX_LIBRARY = "libc++";
				CLANG_ENABLE_MODULES = YES;
				CLANG_ENABLE_OBJC_ARC = YES;
				CLANG_ENABLE_OBJC_WEAK = YES;
				CLANG_WARN_BLOCK_CAPTURE_AUTORELEASING = YES;
				CLANG_WARN_BOOL_CONVERSION = YES;
				CLANG_WARN_COMMA = YES;
				CLANG_WARN_CONSTANT_CONVERSION = YES;
				CLANG_WARN_DEPRECATED_OBJC_IMPLEMENTATIONS = YES;
				CLANG_WARN_DIRECT_OBJC_ISA_USAGE = YES_ERROR;
				CLANG_WARN_DOCUMENTATION_COMMENTS = YES;
				CLANG_WARN_EMPTY_BODY = YES;
				CLANG_WARN_ENUM_CONVERSION = YES;
				CLANG_WARN_INFINITE_RECURSION = YES;
				CLANG_WARN_INT_CONVERSION = YES;
				CLANG_WARN_NON_LITERAL_NULL_CONVERSION = YES;
				CLANG_WARN_OBJC_IMPLICIT_RETAIN_SELF = YES;
				CLANG_WARN_OBJC_LITERAL_CONVERSION = YES;
				CLANG_WARN_OBJC_ROOT_CLASS = YES_ERROR;
				CLANG_WARN_QUOTED_INCLUDE_IN_FRAMEWORK_HEADER = YES;
				CLANG_WARN_RANGE_LOOP_ANALYSIS = YES;
				CLANG_WARN_STRICT_PROTOTYPES = YES;
				CLANG_WARN_SUSPICIOUS_MOVE = YES;
				CLANG_WARN_UNGUARDED_AVAILABILITY = YES_AGGRESSIVE;
				CLANG_WARN_UNREACHABLE_CODE = YES;
				CLANG_WARN__DUPLICATE_METHOD_MATCH = YES;
				COPY_PHASE_STRIP = NO;
				CURRENT_PROJECT_VERSION = "$(APP_BUILD_NUMBER)";
				DEBUG_INFORMATION_FORMAT = "dwarf-with-dsym";
				ENABLE_NS_ASSERTIONS = NO;
				ENABLE_STRICT_OBJC_MSGSEND = YES;
				GCC_C_LANGUAGE_STANDARD = gnu11;
				GCC_NO_COMMON_BLOCKS = YES;
				GCC_WARN_64_TO_32_BIT_CONVERSION = YES;
				GCC_WARN_ABOUT_RETURN_TYPE = YES_ERROR;
				GCC_WARN_UNDECLARED_SELECTOR = YES;
				GCC_WARN_UNINITIALIZED_AUTOS = YES_AGGRESSIVE;
				GCC_WARN_UNUSED_FUNCTION = YES;
				GCC_WARN_UNUSED_VARIABLE = YES;
				IPHONEOS_DEPLOYMENT_TARGET = 17.6;
				LOCALIZATION_PREFERS_STRING_CATALOGS = YES;
				MARKETING_VERSION = "$(APP_VERSION)";
				MTL_ENABLE_DEBUG_INFO = NO;
				MTL_FAST_MATH = YES;
				SDKROOT = iphoneos;
				SWIFT_COMPILATION_MODE = wholemodule;
				SWIFT_EMIT_LOC_STRINGS = YES;
				SWIFT_OPTIMIZATION_LEVEL = "-O";
				VALIDATE_PRODUCT = YES;
			};
			name = Release;
		};
		388E596825AD948E0019842D /* Debug */ = {
			isa = XCBuildConfiguration;
			buildSettings = {
				APP_DISPLAY_NAME = "$(APP_DISPLAY_NAME)";
				APP_GROUP_ID = "$(TRIO_APP_GROUP_ID)";
				ASSETCATALOG_COMPILER_APPICON_NAME = "$(APP_ICON)";
				ASSETCATALOG_COMPILER_GLOBAL_ACCENT_COLOR_NAME = AccentColor;
				ASSETCATALOG_COMPILER_INCLUDE_ALL_APPICON_ASSETS = YES;
				BUNDLE_IDENTIFIER = "$(BUNDLE_IDENTIFIER)";
				CODE_SIGN_ENTITLEMENTS = Trio/Resources/Trio.entitlements;
				CODE_SIGN_IDENTITY = "Apple Development";
				CODE_SIGN_STYLE = Automatic;
				CURRENT_PROJECT_VERSION = $APP_BUILD_NUMBER;
				DEBUG_INFORMATION_FORMAT = "dwarf-with-dsym";
				DEVELOPER_TEAM = "$(DEVELOPER_TEAM)";
				DEVELOPMENT_ASSET_PATHS = "";
				DEVELOPMENT_TEAM = "$(DEVELOPER_TEAM)";
				ENABLE_PREVIEWS = YES;
				INFOPLIST_FILE = Trio/Resources/Info.plist;
				IPHONEOS_DEPLOYMENT_TARGET = 17.6;
				LD_RUNPATH_SEARCH_PATHS = (
					"$(inherited)",
					"@executable_path/Frameworks",
				);
				LIBRARY_SEARCH_PATHS = (
					"$(inherited)",
					"$(SDKROOT)/usr/lib/swift",
				);
				MARKETING_VERSION = "$(APP_VERSION)";
				OTHER_LDFLAGS = (
					"-weak_framework",
					CoreNFC,
					"-ObjC",
				);
				PRODUCT_BUNDLE_IDENTIFIER = "$(BUNDLE_IDENTIFIER)";
				PRODUCT_NAME = "$(TARGET_NAME)";
				PROVISIONING_PROFILE_SPECIFIER = "";
				SUPPORTED_PLATFORMS = "iphoneos iphonesimulator";
				SUPPORTS_MACCATALYST = NO;
				SUPPORTS_MAC_DESIGNED_FOR_IPHONE_IPAD = NO;
				SUPPORTS_XR_DESIGNED_FOR_IPHONE_IPAD = NO;
				SWIFT_VERSION = 5.0;
				TARGETED_DEVICE_FAMILY = 1;
			};
			name = Debug;
		};
		388E596925AD948E0019842D /* Release */ = {
			isa = XCBuildConfiguration;
			buildSettings = {
				APP_DISPLAY_NAME = "$(APP_DISPLAY_NAME)";
				APP_GROUP_ID = "$(TRIO_APP_GROUP_ID)";
				ASSETCATALOG_COMPILER_APPICON_NAME = "$(APP_ICON)";
				ASSETCATALOG_COMPILER_GLOBAL_ACCENT_COLOR_NAME = AccentColor;
				ASSETCATALOG_COMPILER_INCLUDE_ALL_APPICON_ASSETS = YES;
				BUNDLE_IDENTIFIER = "$(BUNDLE_IDENTIFIER)";
				CODE_SIGN_ENTITLEMENTS = Trio/Resources/Trio.entitlements;
				CODE_SIGN_IDENTITY = "Apple Development";
				CODE_SIGN_STYLE = Automatic;
				CURRENT_PROJECT_VERSION = $APP_BUILD_NUMBER;
				DEVELOPER_TEAM = "$(DEVELOPER_TEAM)";
				DEVELOPMENT_ASSET_PATHS = "";
				DEVELOPMENT_TEAM = "$(DEVELOPER_TEAM)";
				ENABLE_PREVIEWS = YES;
				INFOPLIST_FILE = Trio/Resources/Info.plist;
				IPHONEOS_DEPLOYMENT_TARGET = 17.6;
				LD_RUNPATH_SEARCH_PATHS = (
					"$(inherited)",
					"@executable_path/Frameworks",
				);
				LIBRARY_SEARCH_PATHS = (
					"$(inherited)",
					"$(SDKROOT)/usr/lib/swift",
				);
				MARKETING_VERSION = "$(APP_VERSION)";
				OTHER_LDFLAGS = (
					"-weak_framework",
					CoreNFC,
					"-ObjC",
				);
				PRODUCT_BUNDLE_IDENTIFIER = "$(BUNDLE_IDENTIFIER)";
				PRODUCT_NAME = "$(TARGET_NAME)";
				PROVISIONING_PROFILE_SPECIFIER = "";
				SUPPORTED_PLATFORMS = "iphoneos iphonesimulator";
				SUPPORTS_MACCATALYST = NO;
				SUPPORTS_MAC_DESIGNED_FOR_IPHONE_IPAD = NO;
				SUPPORTS_XR_DESIGNED_FOR_IPHONE_IPAD = NO;
				SWIFT_VERSION = 5.0;
				TARGETED_DEVICE_FAMILY = 1;
			};
			name = Release;
		};
		38FCF3F525E9028E0078B0D1 /* Debug */ = {
			isa = XCBuildConfiguration;
			buildSettings = {
				BUNDLE_LOADER = "$(TEST_HOST)";
				CODE_SIGN_STYLE = Automatic;
				DEVELOPMENT_TEAM = "$(DEVELOPER_TEAM)";
				INFOPLIST_FILE = TrioTests/Info.plist;
				IPHONEOS_DEPLOYMENT_TARGET = 17.6;
				LD_RUNPATH_SEARCH_PATHS = (
					"$(inherited)",
					"@executable_path/Frameworks",
					"@loader_path/Frameworks",
				);
				PRODUCT_BUNDLE_IDENTIFIER = "$(BUNDLE_IDENTIFIER).TrioTests";
				PRODUCT_NAME = "$(TARGET_NAME)";
				SWIFT_VERSION = 5.0;
				TARGETED_DEVICE_FAMILY = "1,2";
				TEST_HOST = "$(BUILT_PRODUCTS_DIR)/Trio.app/Trio";
			};
			name = Debug;
		};
		38FCF3F625E9028E0078B0D1 /* Release */ = {
			isa = XCBuildConfiguration;
			buildSettings = {
				BUNDLE_LOADER = "$(TEST_HOST)";
				CODE_SIGN_STYLE = Automatic;
				DEVELOPMENT_TEAM = "$(DEVELOPER_TEAM)";
				INFOPLIST_FILE = TrioTests/Info.plist;
				IPHONEOS_DEPLOYMENT_TARGET = 17.6;
				LD_RUNPATH_SEARCH_PATHS = (
					"$(inherited)",
					"@executable_path/Frameworks",
					"@loader_path/Frameworks",
				);
				PRODUCT_BUNDLE_IDENTIFIER = "$(BUNDLE_IDENTIFIER).TrioTests";
				PRODUCT_NAME = "$(TARGET_NAME)";
				SWIFT_VERSION = 5.0;
				TARGETED_DEVICE_FAMILY = "1,2";
				TEST_HOST = "$(BUILT_PRODUCTS_DIR)/Trio.app/Trio";
			};
			name = Release;
		};
		6B1A8D2A2B14D91800E76752 /* Debug */ = {
			isa = XCBuildConfiguration;
			buildSettings = {
				ASSETCATALOG_COMPILER_GENERATE_SWIFT_ASSET_SYMBOL_EXTENSIONS = YES;
				ASSETCATALOG_COMPILER_GLOBAL_ACCENT_COLOR_NAME = AccentColor;
				ASSETCATALOG_COMPILER_WIDGET_BACKGROUND_COLOR_NAME = WidgetBackground;
				CLANG_CXX_LANGUAGE_STANDARD = "gnu++20";
				CODE_SIGN_STYLE = Automatic;
				CURRENT_PROJECT_VERSION = 1;
				DEVELOPMENT_TEAM = "$(DEVELOPER_TEAM)";
				ENABLE_USER_SCRIPT_SANDBOXING = YES;
				GCC_C_LANGUAGE_STANDARD = gnu17;
				GENERATE_INFOPLIST_FILE = YES;
				INFOPLIST_FILE = LiveActivity/Info.plist;
				INFOPLIST_KEY_CFBundleDisplayName = LiveActivity;
				INFOPLIST_KEY_NSHumanReadableCopyright = "";
				IPHONEOS_DEPLOYMENT_TARGET = 17.6;
				LD_RUNPATH_SEARCH_PATHS = (
					"$(inherited)",
					"@executable_path/Frameworks",
					"@executable_path/../../Frameworks",
				);
				LOCALIZATION_PREFERS_STRING_CATALOGS = YES;
				MARKETING_VERSION = 1.0;
				PRODUCT_BUNDLE_IDENTIFIER = "$(BUNDLE_IDENTIFIER).LiveActivity";
				PRODUCT_NAME = "$(TARGET_NAME)";
				SKIP_INSTALL = YES;
				SWIFT_ACTIVE_COMPILATION_CONDITIONS = "DEBUG $(inherited)";
				SWIFT_EMIT_LOC_STRINGS = YES;
				SWIFT_VERSION = 5.0;
				TARGETED_DEVICE_FAMILY = "1,2";
			};
			name = Debug;
		};
		6B1A8D2B2B14D91800E76752 /* Release */ = {
			isa = XCBuildConfiguration;
			buildSettings = {
				ASSETCATALOG_COMPILER_GENERATE_SWIFT_ASSET_SYMBOL_EXTENSIONS = YES;
				ASSETCATALOG_COMPILER_GLOBAL_ACCENT_COLOR_NAME = AccentColor;
				ASSETCATALOG_COMPILER_WIDGET_BACKGROUND_COLOR_NAME = WidgetBackground;
				CLANG_CXX_LANGUAGE_STANDARD = "gnu++20";
				CODE_SIGN_STYLE = Automatic;
				CURRENT_PROJECT_VERSION = 1;
				DEVELOPMENT_TEAM = "$(DEVELOPER_TEAM)";
				ENABLE_USER_SCRIPT_SANDBOXING = YES;
				GCC_C_LANGUAGE_STANDARD = gnu17;
				GENERATE_INFOPLIST_FILE = YES;
				INFOPLIST_FILE = LiveActivity/Info.plist;
				INFOPLIST_KEY_CFBundleDisplayName = LiveActivity;
				INFOPLIST_KEY_NSHumanReadableCopyright = "";
				IPHONEOS_DEPLOYMENT_TARGET = 17.6;
				LD_RUNPATH_SEARCH_PATHS = (
					"$(inherited)",
					"@executable_path/Frameworks",
					"@executable_path/../../Frameworks",
				);
				LOCALIZATION_PREFERS_STRING_CATALOGS = YES;
				MARKETING_VERSION = 1.0;
				PRODUCT_BUNDLE_IDENTIFIER = "$(BUNDLE_IDENTIFIER).LiveActivity";
				PRODUCT_NAME = "$(TARGET_NAME)";
				SKIP_INSTALL = YES;
				SWIFT_EMIT_LOC_STRINGS = YES;
				SWIFT_VERSION = 5.0;
				TARGETED_DEVICE_FAMILY = "1,2";
			};
			name = Release;
		};
		BD8207D02D2B42E80023339D /* Debug */ = {
			isa = XCBuildConfiguration;
			buildSettings = {
				ASSETCATALOG_COMPILER_GENERATE_SWIFT_ASSET_SYMBOL_EXTENSIONS = YES;
				ASSETCATALOG_COMPILER_GLOBAL_ACCENT_COLOR_NAME = AccentColor;
				ASSETCATALOG_COMPILER_WIDGET_BACKGROUND_COLOR_NAME = WidgetBackground;
				CLANG_CXX_LANGUAGE_STANDARD = "gnu++20";
				CODE_SIGN_IDENTITY = "Apple Development";
				CODE_SIGN_STYLE = Automatic;
				CURRENT_PROJECT_VERSION = 1;
				DEVELOPMENT_TEAM = "$(DEVELOPER_TEAM)";
				ENABLE_USER_SCRIPT_SANDBOXING = YES;
				GCC_C_LANGUAGE_STANDARD = gnu17;
				GENERATE_INFOPLIST_FILE = YES;
				INFOPLIST_FILE = "Trio Watch Complication/Info.plist";
				INFOPLIST_KEY_CFBundleDisplayName = "$(APP_DISPLAY_NAME)";
				INFOPLIST_KEY_NSHumanReadableCopyright = "";
				LD_RUNPATH_SEARCH_PATHS = (
					"$(inherited)",
					"@executable_path/Frameworks",
					"@executable_path/../../Frameworks",
					"@executable_path/../../../../Frameworks",
				);
				LOCALIZATION_PREFERS_STRING_CATALOGS = YES;
				MARKETING_VERSION = 1.0;
				PRODUCT_BUNDLE_IDENTIFIER = "$(BUNDLE_IDENTIFIER).watchkitapp.TrioWatchComplication";
				PRODUCT_NAME = "$(TARGET_NAME)";
				SDKROOT = watchos;
				SKIP_INSTALL = YES;
				SWIFT_ACTIVE_COMPILATION_CONDITIONS = "DEBUG $(inherited)";
				SWIFT_EMIT_LOC_STRINGS = YES;
				SWIFT_VERSION = 5.0;
				TARGETED_DEVICE_FAMILY = 4;
				WATCHOS_DEPLOYMENT_TARGET = 10;
			};
			name = Debug;
		};
		BD8207D12D2B42E80023339D /* Release */ = {
			isa = XCBuildConfiguration;
			buildSettings = {
				ASSETCATALOG_COMPILER_GENERATE_SWIFT_ASSET_SYMBOL_EXTENSIONS = YES;
				ASSETCATALOG_COMPILER_GLOBAL_ACCENT_COLOR_NAME = AccentColor;
				ASSETCATALOG_COMPILER_WIDGET_BACKGROUND_COLOR_NAME = WidgetBackground;
				CLANG_CXX_LANGUAGE_STANDARD = "gnu++20";
				CODE_SIGN_IDENTITY = "Apple Development";
				CODE_SIGN_STYLE = Automatic;
				CURRENT_PROJECT_VERSION = 1;
				DEVELOPMENT_TEAM = "$(DEVELOPER_TEAM)";
				ENABLE_USER_SCRIPT_SANDBOXING = YES;
				GCC_C_LANGUAGE_STANDARD = gnu17;
				GENERATE_INFOPLIST_FILE = YES;
				INFOPLIST_FILE = "Trio Watch Complication/Info.plist";
				INFOPLIST_KEY_CFBundleDisplayName = "$(APP_DISPLAY_NAME)";
				INFOPLIST_KEY_NSHumanReadableCopyright = "";
				LD_RUNPATH_SEARCH_PATHS = (
					"$(inherited)",
					"@executable_path/Frameworks",
					"@executable_path/../../Frameworks",
					"@executable_path/../../../../Frameworks",
				);
				LOCALIZATION_PREFERS_STRING_CATALOGS = YES;
				MARKETING_VERSION = 1.0;
				PRODUCT_BUNDLE_IDENTIFIER = "$(BUNDLE_IDENTIFIER).watchkitapp.TrioWatchComplication";
				PRODUCT_NAME = "$(TARGET_NAME)";
				SDKROOT = watchos;
				SKIP_INSTALL = YES;
				SWIFT_EMIT_LOC_STRINGS = YES;
				SWIFT_VERSION = 5.0;
				TARGETED_DEVICE_FAMILY = 4;
				WATCHOS_DEPLOYMENT_TARGET = 10;
			};
			name = Release;
		};
		BDFF79A12D25AA890016C40C /* Debug */ = {
			isa = XCBuildConfiguration;
			buildSettings = {
				ASSETCATALOG_COMPILER_APPICON_NAME = AppIcon;
				ASSETCATALOG_COMPILER_GENERATE_SWIFT_ASSET_SYMBOL_EXTENSIONS = YES;
				ASSETCATALOG_COMPILER_GLOBAL_ACCENT_COLOR_NAME = AccentColor;
				CLANG_CXX_LANGUAGE_STANDARD = "gnu++20";
				CODE_SIGN_IDENTITY = "Apple Development";
				CODE_SIGN_STYLE = Automatic;
				CURRENT_PROJECT_VERSION = 1;
				DEVELOPMENT_ASSET_PATHS = "\"Trio Watch App Extension/Preview Content\"";
				DEVELOPMENT_TEAM = "$(DEVELOPER_TEAM)";
				ENABLE_PREVIEWS = YES;
				ENABLE_USER_SCRIPT_SANDBOXING = YES;
				GCC_C_LANGUAGE_STANDARD = gnu17;
				GENERATE_INFOPLIST_FILE = YES;
				INFOPLIST_KEY_CFBundleDisplayName = "$(APP_DISPLAY_NAME)";
				INFOPLIST_KEY_UISupportedInterfaceOrientations = "UIInterfaceOrientationPortrait UIInterfaceOrientationPortraitUpsideDown";
				INFOPLIST_KEY_WKCompanionAppBundleIdentifier = "$(BUNDLE_IDENTIFIER)";
				LD_RUNPATH_SEARCH_PATHS = (
					"$(inherited)",
					"@executable_path/Frameworks",
				);
				LOCALIZATION_PREFERS_STRING_CATALOGS = YES;
				MARKETING_VERSION = 1.0;
				PRODUCT_BUNDLE_IDENTIFIER = "$(BUNDLE_IDENTIFIER).watchkitapp";
				PRODUCT_NAME = "$(TARGET_NAME)";
				SDKROOT = watchos;
				SKIP_INSTALL = YES;
				SWIFT_ACTIVE_COMPILATION_CONDITIONS = "DEBUG $(inherited)";
				SWIFT_EMIT_LOC_STRINGS = YES;
				SWIFT_VERSION = 5.0;
				TARGETED_DEVICE_FAMILY = 4;
				WATCHOS_DEPLOYMENT_TARGET = 10;
			};
			name = Debug;
		};
		BDFF79A22D25AA890016C40C /* Release */ = {
			isa = XCBuildConfiguration;
			buildSettings = {
				ASSETCATALOG_COMPILER_APPICON_NAME = AppIcon;
				ASSETCATALOG_COMPILER_GENERATE_SWIFT_ASSET_SYMBOL_EXTENSIONS = YES;
				ASSETCATALOG_COMPILER_GLOBAL_ACCENT_COLOR_NAME = AccentColor;
				CLANG_CXX_LANGUAGE_STANDARD = "gnu++20";
				CODE_SIGN_IDENTITY = "Apple Development";
				CODE_SIGN_STYLE = Automatic;
				CURRENT_PROJECT_VERSION = 1;
				DEVELOPMENT_ASSET_PATHS = "\"Trio Watch App Extension/Preview Content\"";
				DEVELOPMENT_TEAM = "$(DEVELOPER_TEAM)";
				ENABLE_PREVIEWS = YES;
				ENABLE_USER_SCRIPT_SANDBOXING = YES;
				GCC_C_LANGUAGE_STANDARD = gnu17;
				GENERATE_INFOPLIST_FILE = YES;
				INFOPLIST_KEY_CFBundleDisplayName = "$(APP_DISPLAY_NAME)";
				INFOPLIST_KEY_UISupportedInterfaceOrientations = "UIInterfaceOrientationPortrait UIInterfaceOrientationPortraitUpsideDown";
				INFOPLIST_KEY_WKCompanionAppBundleIdentifier = "$(BUNDLE_IDENTIFIER)";
				LD_RUNPATH_SEARCH_PATHS = (
					"$(inherited)",
					"@executable_path/Frameworks",
				);
				LOCALIZATION_PREFERS_STRING_CATALOGS = YES;
				MARKETING_VERSION = 1.0;
				PRODUCT_BUNDLE_IDENTIFIER = "$(BUNDLE_IDENTIFIER).watchkitapp";
				PRODUCT_NAME = "$(TARGET_NAME)";
				SDKROOT = watchos;
				SKIP_INSTALL = YES;
				SWIFT_EMIT_LOC_STRINGS = YES;
				SWIFT_VERSION = 5.0;
				TARGETED_DEVICE_FAMILY = 4;
				WATCHOS_DEPLOYMENT_TARGET = 10;
			};
			name = Release;
		};
		BDFF79A42D25AA890016C40C /* Debug */ = {
			isa = XCBuildConfiguration;
			buildSettings = {
				ASSETCATALOG_COMPILER_GENERATE_SWIFT_ASSET_SYMBOL_EXTENSIONS = YES;
				BUNDLE_LOADER = "$(TEST_HOST)";
				CLANG_CXX_LANGUAGE_STANDARD = "gnu++20";
				CODE_SIGN_STYLE = Automatic;
				CURRENT_PROJECT_VERSION = 1;
				DEVELOPMENT_TEAM = "$(DEVELOPER_TEAM)";
				ENABLE_USER_SCRIPT_SANDBOXING = YES;
				GCC_C_LANGUAGE_STANDARD = gnu17;
				GENERATE_INFOPLIST_FILE = YES;
				LOCALIZATION_PREFERS_STRING_CATALOGS = YES;
				MARKETING_VERSION = 1.0;
				PRODUCT_BUNDLE_IDENTIFIER = "$(BUNDLE_IDENTIFIER).TrioWatchAppTests";
				PRODUCT_NAME = "$(TARGET_NAME)";
				SDKROOT = watchos;
				SWIFT_ACTIVE_COMPILATION_CONDITIONS = "DEBUG $(inherited)";
				SWIFT_EMIT_LOC_STRINGS = NO;
				SWIFT_VERSION = 5.0;
				TARGETED_DEVICE_FAMILY = 4;
				TEST_HOST = "$(BUILT_PRODUCTS_DIR)/Trio Watch App.app/$(BUNDLE_EXECUTABLE_FOLDER_PATH)/Trio Watch App";
				WATCHOS_DEPLOYMENT_TARGET = 10;
			};
			name = Debug;
		};
		BDFF79A52D25AA890016C40C /* Release */ = {
			isa = XCBuildConfiguration;
			buildSettings = {
				ASSETCATALOG_COMPILER_GENERATE_SWIFT_ASSET_SYMBOL_EXTENSIONS = YES;
				BUNDLE_LOADER = "$(TEST_HOST)";
				CLANG_CXX_LANGUAGE_STANDARD = "gnu++20";
				CODE_SIGN_STYLE = Automatic;
				CURRENT_PROJECT_VERSION = 1;
				DEVELOPMENT_TEAM = "$(DEVELOPER_TEAM)";
				ENABLE_USER_SCRIPT_SANDBOXING = YES;
				GCC_C_LANGUAGE_STANDARD = gnu17;
				GENERATE_INFOPLIST_FILE = YES;
				LOCALIZATION_PREFERS_STRING_CATALOGS = YES;
				MARKETING_VERSION = 1.0;
				PRODUCT_BUNDLE_IDENTIFIER = "$(BUNDLE_IDENTIFIER).TrioWatchAppTests";
				PRODUCT_NAME = "$(TARGET_NAME)";
				SDKROOT = watchos;
				SWIFT_EMIT_LOC_STRINGS = NO;
				SWIFT_VERSION = 5.0;
				TARGETED_DEVICE_FAMILY = 4;
				TEST_HOST = "$(BUILT_PRODUCTS_DIR)/Trio Watch App.app/$(BUNDLE_EXECUTABLE_FOLDER_PATH)/Trio Watch App";
				WATCHOS_DEPLOYMENT_TARGET = 10;
			};
			name = Release;
		};
/* End XCBuildConfiguration section */

/* Begin XCConfigurationList section */
		388E595325AD948C0019842D /* Build configuration list for PBXProject "Trio" */ = {
			isa = XCConfigurationList;
			buildConfigurations = (
				388E596525AD948E0019842D /* Debug */,
				388E596625AD948E0019842D /* Release */,
			);
			defaultConfigurationIsVisible = 0;
			defaultConfigurationName = Debug;
		};
		388E596725AD948E0019842D /* Build configuration list for PBXNativeTarget "Trio" */ = {
			isa = XCConfigurationList;
			buildConfigurations = (
				388E596825AD948E0019842D /* Debug */,
				388E596925AD948E0019842D /* Release */,
			);
			defaultConfigurationIsVisible = 0;
			defaultConfigurationName = Debug;
		};
		38FCF3F425E9028E0078B0D1 /* Build configuration list for PBXNativeTarget "TrioTests" */ = {
			isa = XCConfigurationList;
			buildConfigurations = (
				38FCF3F525E9028E0078B0D1 /* Debug */,
				38FCF3F625E9028E0078B0D1 /* Release */,
			);
			defaultConfigurationIsVisible = 0;
			defaultConfigurationName = Debug;
		};
		6B1A8D292B14D91800E76752 /* Build configuration list for PBXNativeTarget "LiveActivityExtension" */ = {
			isa = XCConfigurationList;
			buildConfigurations = (
				6B1A8D2A2B14D91800E76752 /* Debug */,
				6B1A8D2B2B14D91800E76752 /* Release */,
			);
			defaultConfigurationIsVisible = 0;
			defaultConfigurationName = Debug;
		};
		BD8207D32D2B42E80023339D /* Build configuration list for PBXNativeTarget "Trio Watch Complication Extension" */ = {
			isa = XCConfigurationList;
			buildConfigurations = (
				BD8207D02D2B42E80023339D /* Debug */,
				BD8207D12D2B42E80023339D /* Release */,
			);
			defaultConfigurationIsVisible = 0;
			defaultConfigurationName = Debug;
		};
		BDFF79A02D25AA890016C40C /* Build configuration list for PBXNativeTarget "Trio Watch App" */ = {
			isa = XCConfigurationList;
			buildConfigurations = (
				BDFF79A12D25AA890016C40C /* Debug */,
				BDFF79A22D25AA890016C40C /* Release */,
			);
			defaultConfigurationIsVisible = 0;
			defaultConfigurationName = Debug;
		};
		BDFF79A32D25AA890016C40C /* Build configuration list for PBXNativeTarget "Trio Watch AppTests" */ = {
			isa = XCConfigurationList;
			buildConfigurations = (
				BDFF79A42D25AA890016C40C /* Debug */,
				BDFF79A52D25AA890016C40C /* Release */,
			);
			defaultConfigurationIsVisible = 0;
			defaultConfigurationName = Debug;
		};
/* End XCConfigurationList section */

/* Begin XCLocalSwiftPackageReference section */
		5E12FE112EBC0000000000A0 /* XCLocalSwiftPackageReference "LoopAlgorithm" */ = {
			isa = XCLocalSwiftPackageReference;
			relativePath = LoopAlgorithm;
		};
		5E12FE112EBC0000000000B0 /* XCLocalSwiftPackageReference "LibreCRKit" */ = {
			isa = XCLocalSwiftPackageReference;
			relativePath = LibreCRKit;
		};
/* End XCLocalSwiftPackageReference section */

/* Begin XCRemoteSwiftPackageReference section */
		3811DE0E25C9D37700A708ED /* XCRemoteSwiftPackageReference "Swinject" */ = {
			isa = XCRemoteSwiftPackageReference;
			repositoryURL = "https://github.com/Swinject/Swinject";
			requirement = {
				kind = upToNextMajorVersion;
				minimumVersion = 2.7.1;
			};
		};
		3833B46B26012030003021B3 /* XCRemoteSwiftPackageReference "swift-algorithms" */ = {
			isa = XCRemoteSwiftPackageReference;
			repositoryURL = "https://github.com/apple/swift-algorithms";
			requirement = {
				kind = upToNextMajorVersion;
				minimumVersion = 0.0.3;
			};
		};
		38B17B6425DD90E0005CAE3D /* XCRemoteSwiftPackageReference "SwiftDate" */ = {
			isa = XCRemoteSwiftPackageReference;
			repositoryURL = "https://github.com/malcommac/SwiftDate";
			requirement = {
				kind = upToNextMajorVersion;
				minimumVersion = 6.3.1;
			};
		};
		3B47C60E2DA0A28F00B0E5EF /* XCRemoteSwiftPackageReference "firebase-ios-sdk" */ = {
			isa = XCRemoteSwiftPackageReference;
			repositoryURL = "https://github.com/firebase/firebase-ios-sdk.git";
			requirement = {
				kind = upToNextMajorVersion;
				minimumVersion = 11.11.0;
			};
		};
		3BD9687A2D8DDD4600899469 /* XCRemoteSwiftPackageReference "SlideButton" */ = {
			isa = XCRemoteSwiftPackageReference;
			repositoryURL = "https://github.com/no-comment/SlideButton";
			requirement = {
				branch = main;
				kind = branch;
			};
		};
		3BD9687D2D8DDD8800899469 /* XCRemoteSwiftPackageReference "CryptoSwift" */ = {
			isa = XCRemoteSwiftPackageReference;
			repositoryURL = "https://github.com/krzyzanowskim/CryptoSwift";
			requirement = {
				kind = upToNextMajorVersion;
				minimumVersion = 1.8.2;
			};
		};
		3E28F2A92EB5337F00FB9EEB /* XCRemoteSwiftPackageReference "connectiq-companion-app-sdk-ios" */ = {
			isa = XCRemoteSwiftPackageReference;
			repositoryURL = "https://github.com/garmin/connectiq-companion-app-sdk-ios";
			requirement = {
				kind = upToNextMajorVersion;
				minimumVersion = 1.7.0;
			};
		};
		B958F1B52BA0711600484851 /* XCRemoteSwiftPackageReference "MKRingProgressView" */ = {
			isa = XCRemoteSwiftPackageReference;
			repositoryURL = "https://github.com/maxkonovalov/MKRingProgressView.git";
			requirement = {
				branch = master;
				kind = branch;
			};
		};
		CEB434FB28B90B7C00B70274 /* XCRemoteSwiftPackageReference "SwiftCharts" */ = {
			isa = XCRemoteSwiftPackageReference;
			repositoryURL = "https://github.com/ivanschuetz/SwiftCharts.git";
			requirement = {
				branch = master;
				kind = branch;
			};
		};
		DD868FD92E381E1C005D3308 /* XCRemoteSwiftPackageReference "Swift-JWT" */ = {
			isa = XCRemoteSwiftPackageReference;
			repositoryURL = "http://github.com/Kitura/Swift-JWT.git";
			requirement = {
				kind = exactVersion;
				version = 4.0.1;
			};
		};
/* End XCRemoteSwiftPackageReference section */

/* Begin XCSwiftPackageProductDependency section */
		3811DE0F25C9D37700A708ED /* Swinject */ = {
			isa = XCSwiftPackageProductDependency;
			package = 3811DE0E25C9D37700A708ED /* XCRemoteSwiftPackageReference "Swinject" */;
			productName = Swinject;
		};
		3833B46C26012030003021B3 /* Algorithms */ = {
			isa = XCSwiftPackageProductDependency;
			package = 3833B46B26012030003021B3 /* XCRemoteSwiftPackageReference "swift-algorithms" */;
			productName = Algorithms;
		};
		38B17B6525DD90E0005CAE3D /* SwiftDate */ = {
			isa = XCSwiftPackageProductDependency;
			package = 38B17B6425DD90E0005CAE3D /* XCRemoteSwiftPackageReference "SwiftDate" */;
			productName = SwiftDate;
		};
		3B47C60F2DA0A28F00B0E5EF /* FirebaseCrashlytics */ = {
			isa = XCSwiftPackageProductDependency;
			package = 3B47C60E2DA0A28F00B0E5EF /* XCRemoteSwiftPackageReference "firebase-ios-sdk" */;
			productName = FirebaseCrashlytics;
		};
		3BD9687B2D8DDD4600899469 /* SlideButton */ = {
			isa = XCSwiftPackageProductDependency;
			package = 3BD9687A2D8DDD4600899469 /* XCRemoteSwiftPackageReference "SlideButton" */;
			productName = SlideButton;
		};
		3BD9687E2D8DDD8800899469 /* CryptoSwift */ = {
			isa = XCSwiftPackageProductDependency;
			package = 3BD9687D2D8DDD8800899469 /* XCRemoteSwiftPackageReference "CryptoSwift" */;
			productName = CryptoSwift;
		};
		3E28F2AA2EB5337F00FB9EEB /* ConnectIQ */ = {
			isa = XCSwiftPackageProductDependency;
			package = 3E28F2A92EB5337F00FB9EEB /* XCRemoteSwiftPackageReference "connectiq-companion-app-sdk-ios" */;
			productName = ConnectIQ;
		};
		5E12FE112EBC0000000000A1 /* LoopAlgorithm */ = {
			isa = XCSwiftPackageProductDependency;
			package = 5E12FE112EBC0000000000A0 /* XCLocalSwiftPackageReference "LoopAlgorithm" */;
			productName = LoopAlgorithm;
		};
		5E12FE112EBC0000000000B1 /* LibreCRKit */ = {
			isa = XCSwiftPackageProductDependency;
			package = 5E12FE112EBC0000000000B0 /* XCLocalSwiftPackageReference "LibreCRKit" */;
			productName = LibreCRKit;
		};
		B958F1B62BA0711600484851 /* MKRingProgressView */ = {
			isa = XCSwiftPackageProductDependency;
			package = B958F1B52BA0711600484851 /* XCRemoteSwiftPackageReference "MKRingProgressView" */;
			productName = MKRingProgressView;
		};
		CEB434FC28B90B7C00B70274 /* SwiftCharts */ = {
			isa = XCSwiftPackageProductDependency;
			package = CEB434FB28B90B7C00B70274 /* XCRemoteSwiftPackageReference "SwiftCharts" */;
			productName = SwiftCharts;
		};
		DD17A0282E3FE0BD008E1BF0 /* SwiftJWT */ = {
			isa = XCSwiftPackageProductDependency;
			package = DD868FD92E381E1C005D3308 /* XCRemoteSwiftPackageReference "Swift-JWT" */;
			productName = SwiftJWT;
		};
/* End XCSwiftPackageProductDependency section */
	};
	rootObject = 388E595025AD948C0019842D /* Project object */;
}
